// !$*UTF8*$!
{
	archiveVersion = 1;
	classes = {
	};
	objectVersion = 50;
	objects = {

/* Begin PBXBuildFile section */
		6E335AC3243B741A00CD22B4 /* CurrencyViewController.swift in Sources */ = {isa = PBXBuildFile; fileRef = 6E335AC2243B741A00CD22B4 /* CurrencyViewController.swift */; };
		6E335AC5243B77BC00CD22B4 /* TranslateViewController.swift in Sources */ = {isa = PBXBuildFile; fileRef = 6E335AC4243B77BC00CD22B4 /* TranslateViewController.swift */; };
		6E335AC7243B77C800CD22B4 /* WeatherViewController.swift in Sources */ = {isa = PBXBuildFile; fileRef = 6E335AC6243B77C800CD22B4 /* WeatherViewController.swift */; };
		6E335AC9243B77D400CD22B4 /* Baluchon.swift in Sources */ = {isa = PBXBuildFile; fileRef = 6E335AC8243B77D400CD22B4 /* Baluchon.swift */; };
		6E335ACB243B80FE00CD22B4 /* Currency.swift in Sources */ = {isa = PBXBuildFile; fileRef = 6E335ACA243B80FE00CD22B4 /* Currency.swift */; };
		6E7705982438C40A00C3BC66 /* AppDelegate.swift in Sources */ = {isa = PBXBuildFile; fileRef = 6E7705972438C40A00C3BC66 /* AppDelegate.swift */; };
		6E77059A2438C40A00C3BC66 /* SceneDelegate.swift in Sources */ = {isa = PBXBuildFile; fileRef = 6E7705992438C40A00C3BC66 /* SceneDelegate.swift */; };
		6E77059F2438C40A00C3BC66 /* Main.storyboard in Resources */ = {isa = PBXBuildFile; fileRef = 6E77059D2438C40A00C3BC66 /* Main.storyboard */; };
		6E7705A12438C40B00C3BC66 /* Assets.xcassets in Resources */ = {isa = PBXBuildFile; fileRef = 6E7705A02438C40B00C3BC66 /* Assets.xcassets */; };
		6E7705A42438C40B00C3BC66 /* LaunchScreen.storyboard in Resources */ = {isa = PBXBuildFile; fileRef = 6E7705A22438C40B00C3BC66 /* LaunchScreen.storyboard */; };
		6E7705AF2438C40B00C3BC66 /* BaluchonTests.swift in Sources */ = {isa = PBXBuildFile; fileRef = 6E7705AE2438C40B00C3BC66 /* BaluchonTests.swift */; };
		6E7705BA2438C40B00C3BC66 /* BaluchonUITests.swift in Sources */ = {isa = PBXBuildFile; fileRef = 6E7705B92438C40B00C3BC66 /* BaluchonUITests.swift */; };
		6E7705CB2438C6B100C3BC66 /* Default-568h@2x.png in Resources */ = {isa = PBXBuildFile; fileRef = 6E7705CA2438C6B100C3BC66 /* Default-568h@2x.png */; };
		6E9A722C2443C86300BE910F /* Weather.swift in Sources */ = {isa = PBXBuildFile; fileRef = 6E9A722B2443C86300BE910F /* Weather.swift */; };
		6E9A72302443CF0F00BE910F /* Coord.swift in Sources */ = {isa = PBXBuildFile; fileRef = 6E9A722F2443CF0F00BE910F /* Coord.swift */; };
		6E9A72322443CF6E00BE910F /* WeatherElement.swift in Sources */ = {isa = PBXBuildFile; fileRef = 6E9A72312443CF6E00BE910F /* WeatherElement.swift */; };
		6E9A72342443D06800BE910F /* Sys.swift in Sources */ = {isa = PBXBuildFile; fileRef = 6E9A72332443D06800BE910F /* Sys.swift */; };
/* End PBXBuildFile section */

/* Begin PBXContainerItemProxy section */
		6E7705AB2438C40B00C3BC66 /* PBXContainerItemProxy */ = {
			isa = PBXContainerItemProxy;
			containerPortal = 6E77058C2438C40A00C3BC66 /* Project object */;
			proxyType = 1;
			remoteGlobalIDString = 6E7705932438C40A00C3BC66;
			remoteInfo = Baluchon;
		};
		6E7705B62438C40B00C3BC66 /* PBXContainerItemProxy */ = {
			isa = PBXContainerItemProxy;
			containerPortal = 6E77058C2438C40A00C3BC66 /* Project object */;
			proxyType = 1;
			remoteGlobalIDString = 6E7705932438C40A00C3BC66;
			remoteInfo = Baluchon;
		};
/* End PBXContainerItemProxy section */

/* Begin PBXFileReference section */
		6E335AC2243B741A00CD22B4 /* CurrencyViewController.swift */ = {isa = PBXFileReference; lastKnownFileType = sourcecode.swift; path = CurrencyViewController.swift; sourceTree = "<group>"; };
		6E335AC4243B77BC00CD22B4 /* TranslateViewController.swift */ = {isa = PBXFileReference; lastKnownFileType = sourcecode.swift; path = TranslateViewController.swift; sourceTree = "<group>"; };
		6E335AC6243B77C800CD22B4 /* WeatherViewController.swift */ = {isa = PBXFileReference; lastKnownFileType = sourcecode.swift; path = WeatherViewController.swift; sourceTree = "<group>"; };
		6E335AC8243B77D400CD22B4 /* Baluchon.swift */ = {isa = PBXFileReference; lastKnownFileType = sourcecode.swift; path = Baluchon.swift; sourceTree = "<group>"; };
		6E335ACA243B80FE00CD22B4 /* Currency.swift */ = {isa = PBXFileReference; lastKnownFileType = sourcecode.swift; path = Currency.swift; sourceTree = "<group>"; };
		6E7705942438C40A00C3BC66 /* Baluchon.app */ = {isa = PBXFileReference; explicitFileType = wrapper.application; includeInIndex = 0; path = Baluchon.app; sourceTree = BUILT_PRODUCTS_DIR; };
		6E7705972438C40A00C3BC66 /* AppDelegate.swift */ = {isa = PBXFileReference; lastKnownFileType = sourcecode.swift; path = AppDelegate.swift; sourceTree = "<group>"; };
		6E7705992438C40A00C3BC66 /* SceneDelegate.swift */ = {isa = PBXFileReference; lastKnownFileType = sourcecode.swift; path = SceneDelegate.swift; sourceTree = "<group>"; };
		6E77059E2438C40A00C3BC66 /* Base */ = {isa = PBXFileReference; lastKnownFileType = file.storyboard; name = Base; path = Base.lproj/Main.storyboard; sourceTree = "<group>"; };
		6E7705A02438C40B00C3BC66 /* Assets.xcassets */ = {isa = PBXFileReference; lastKnownFileType = folder.assetcatalog; path = Assets.xcassets; sourceTree = "<group>"; };
		6E7705A32438C40B00C3BC66 /* Base */ = {isa = PBXFileReference; lastKnownFileType = file.storyboard; name = Base; path = Base.lproj/LaunchScreen.storyboard; sourceTree = "<group>"; };
		6E7705A52438C40B00C3BC66 /* Info.plist */ = {isa = PBXFileReference; lastKnownFileType = text.plist.xml; path = Info.plist; sourceTree = "<group>"; };
		6E7705AA2438C40B00C3BC66 /* BaluchonTests.xctest */ = {isa = PBXFileReference; explicitFileType = wrapper.cfbundle; includeInIndex = 0; path = BaluchonTests.xctest; sourceTree = BUILT_PRODUCTS_DIR; };
		6E7705AE2438C40B00C3BC66 /* BaluchonTests.swift */ = {isa = PBXFileReference; lastKnownFileType = sourcecode.swift; path = BaluchonTests.swift; sourceTree = "<group>"; };
		6E7705B02438C40B00C3BC66 /* Info.plist */ = {isa = PBXFileReference; lastKnownFileType = text.plist.xml; path = Info.plist; sourceTree = "<group>"; };
		6E7705B52438C40B00C3BC66 /* BaluchonUITests.xctest */ = {isa = PBXFileReference; explicitFileType = wrapper.cfbundle; includeInIndex = 0; path = BaluchonUITests.xctest; sourceTree = BUILT_PRODUCTS_DIR; };
		6E7705B92438C40B00C3BC66 /* BaluchonUITests.swift */ = {isa = PBXFileReference; lastKnownFileType = sourcecode.swift; path = BaluchonUITests.swift; sourceTree = "<group>"; };
		6E7705BB2438C40B00C3BC66 /* Info.plist */ = {isa = PBXFileReference; lastKnownFileType = text.plist.xml; path = Info.plist; sourceTree = "<group>"; };
		6E7705CA2438C6B100C3BC66 /* Default-568h@2x.png */ = {isa = PBXFileReference; lastKnownFileType = image.png; path = "Default-568h@2x.png"; sourceTree = "<group>"; };
		6E9A722B2443C86300BE910F /* Weather.swift */ = {isa = PBXFileReference; lastKnownFileType = sourcecode.swift; path = Weather.swift; sourceTree = "<group>"; };
		6E9A722F2443CF0F00BE910F /* Coord.swift */ = {isa = PBXFileReference; lastKnownFileType = sourcecode.swift; path = Coord.swift; sourceTree = "<group>"; };
		6E9A72312443CF6E00BE910F /* WeatherElement.swift */ = {isa = PBXFileReference; lastKnownFileType = sourcecode.swift; path = WeatherElement.swift; sourceTree = "<group>"; };
		6E9A72332443D06800BE910F /* Sys.swift */ = {isa = PBXFileReference; lastKnownFileType = sourcecode.swift; path = Sys.swift; sourceTree = "<group>"; };
/* End PBXFileReference section */

/* Begin PBXFrameworksBuildPhase section */
		6E7705912438C40A00C3BC66 /* Frameworks */ = {
			isa = PBXFrameworksBuildPhase;
			buildActionMask = 2147483647;
			files = (
			);
			runOnlyForDeploymentPostprocessing = 0;
		};
		6E7705A72438C40B00C3BC66 /* Frameworks */ = {
			isa = PBXFrameworksBuildPhase;
			buildActionMask = 2147483647;
			files = (
			);
			runOnlyForDeploymentPostprocessing = 0;
		};
		6E7705B22438C40B00C3BC66 /* Frameworks */ = {
			isa = PBXFrameworksBuildPhase;
			buildActionMask = 2147483647;
			files = (
			);
			runOnlyForDeploymentPostprocessing = 0;
		};
/* End PBXFrameworksBuildPhase section */

/* Begin PBXGroup section */
		6E77058B2438C40A00C3BC66 = {
			isa = PBXGroup;
			children = (
				6E7705CC2438C6E300C3BC66 /* Model */,
				6E7705C92438C68000C3BC66 /* Controller */,
				6E7705C72438C66600C3BC66 /* View */,
				6E77059D2438C40A00C3BC66 /* Main.storyboard */,
				6E7705A22438C40B00C3BC66 /* LaunchScreen.storyboard */,
				6E7705C82438C67400C3BC66 /* Supporting Files */,
				6E7705AD2438C40B00C3BC66 /* BaluchonTests */,
				6E7705B82438C40B00C3BC66 /* BaluchonUITests */,
				6E7705952438C40A00C3BC66 /* Products */,
			);
			sourceTree = "<group>";
		};
		6E7705952438C40A00C3BC66 /* Products */ = {
			isa = PBXGroup;
			children = (
				6E7705942438C40A00C3BC66 /* Baluchon.app */,
				6E7705AA2438C40B00C3BC66 /* BaluchonTests.xctest */,
				6E7705B52438C40B00C3BC66 /* BaluchonUITests.xctest */,
			);
			name = Products;
			sourceTree = "<group>";
		};
		6E7705AD2438C40B00C3BC66 /* BaluchonTests */ = {
			isa = PBXGroup;
			children = (
				6E7705AE2438C40B00C3BC66 /* BaluchonTests.swift */,
				6E7705B02438C40B00C3BC66 /* Info.plist */,
			);
			path = BaluchonTests;
			sourceTree = "<group>";
		};
		6E7705B82438C40B00C3BC66 /* BaluchonUITests */ = {
			isa = PBXGroup;
			children = (
				6E7705B92438C40B00C3BC66 /* BaluchonUITests.swift */,
				6E7705BB2438C40B00C3BC66 /* Info.plist */,
			);
			path = BaluchonUITests;
			sourceTree = "<group>";
		};
		6E7705C72438C66600C3BC66 /* View */ = {
			isa = PBXGroup;
			children = (
			);
			path = View;
			sourceTree = "<group>";
		};
		6E7705C82438C67400C3BC66 /* Supporting Files */ = {
			isa = PBXGroup;
			children = (
				6E7705972438C40A00C3BC66 /* AppDelegate.swift */,
				6E7705992438C40A00C3BC66 /* SceneDelegate.swift */,
				6E7705CA2438C6B100C3BC66 /* Default-568h@2x.png */,
				6E7705A52438C40B00C3BC66 /* Info.plist */,
				6E7705A02438C40B00C3BC66 /* Assets.xcassets */,
			);
			path = "Supporting Files";
			sourceTree = "<group>";
		};
		6E7705C92438C68000C3BC66 /* Controller */ = {
			isa = PBXGroup;
			children = (
				6E335AC2243B741A00CD22B4 /* CurrencyViewController.swift */,
				6E335AC4243B77BC00CD22B4 /* TranslateViewController.swift */,
				6E335AC6243B77C800CD22B4 /* WeatherViewController.swift */,
			);
			path = Controller;
			sourceTree = "<group>";
		};
		6E7705CC2438C6E300C3BC66 /* Model */ = {
			isa = PBXGroup;
			children = (
				6E335AC8243B77D400CD22B4 /* Baluchon.swift */,
				6E9A722D2443CEEF00BE910F /* Currency */,
				6E9A722E2443CEFA00BE910F /* Weather */,
			);
			path = Model;
			sourceTree = "<group>";
		};
		6E9A722D2443CEEF00BE910F /* Currency */ = {
			isa = PBXGroup;
			children = (
				6E335ACA243B80FE00CD22B4 /* Currency.swift */,
			);
			path = Currency;
			sourceTree = "<group>";
		};
		6E9A722E2443CEFA00BE910F /* Weather */ = {
			isa = PBXGroup;
			children = (
				6E9A722B2443C86300BE910F /* Weather.swift */,
				6E9A722F2443CF0F00BE910F /* Coord.swift */,
				6E9A72312443CF6E00BE910F /* WeatherElement.swift */,
				6E9A72332443D06800BE910F /* Sys.swift */,
			);
			path = Weather;
			sourceTree = "<group>";
		};
/* End PBXGroup section */

/* Begin PBXNativeTarget section */
		6E7705932438C40A00C3BC66 /* Baluchon */ = {
			isa = PBXNativeTarget;
			buildConfigurationList = 6E7705BE2438C40B00C3BC66 /* Build configuration list for PBXNativeTarget "Baluchon" */;
			buildPhases = (
				6E7705902438C40A00C3BC66 /* Sources */,
				6E7705912438C40A00C3BC66 /* Frameworks */,
				6E7705922438C40A00C3BC66 /* Resources */,
				6EE9309B243F5CC000C761AC /* ShellScript */,
			);
			buildRules = (
			);
			dependencies = (
			);
			name = Baluchon;
			productName = Baluchon;
			productReference = 6E7705942438C40A00C3BC66 /* Baluchon.app */;
			productType = "com.apple.product-type.application";
		};
		6E7705A92438C40B00C3BC66 /* BaluchonTests */ = {
			isa = PBXNativeTarget;
			buildConfigurationList = 6E7705C12438C40B00C3BC66 /* Build configuration list for PBXNativeTarget "BaluchonTests" */;
			buildPhases = (
				6E7705A62438C40B00C3BC66 /* Sources */,
				6E7705A72438C40B00C3BC66 /* Frameworks */,
				6E7705A82438C40B00C3BC66 /* Resources */,
			);
			buildRules = (
			);
			dependencies = (
				6E7705AC2438C40B00C3BC66 /* PBXTargetDependency */,
			);
			name = BaluchonTests;
			productName = BaluchonTests;
			productReference = 6E7705AA2438C40B00C3BC66 /* BaluchonTests.xctest */;
			productType = "com.apple.product-type.bundle.unit-test";
		};
		6E7705B42438C40B00C3BC66 /* BaluchonUITests */ = {
			isa = PBXNativeTarget;
			buildConfigurationList = 6E7705C42438C40B00C3BC66 /* Build configuration list for PBXNativeTarget "BaluchonUITests" */;
			buildPhases = (
				6E7705B12438C40B00C3BC66 /* Sources */,
				6E7705B22438C40B00C3BC66 /* Frameworks */,
				6E7705B32438C40B00C3BC66 /* Resources */,
			);
			buildRules = (
			);
			dependencies = (
				6E7705B72438C40B00C3BC66 /* PBXTargetDependency */,
			);
			name = BaluchonUITests;
			productName = BaluchonUITests;
			productReference = 6E7705B52438C40B00C3BC66 /* BaluchonUITests.xctest */;
			productType = "com.apple.product-type.bundle.ui-testing";
		};
/* End PBXNativeTarget section */

/* Begin PBXProject section */
		6E77058C2438C40A00C3BC66 /* Project object */ = {
			isa = PBXProject;
			attributes = {
				LastSwiftUpdateCheck = 1140;
				LastUpgradeCheck = 1140;
				ORGANIZATIONNAME = vinceled;
				TargetAttributes = {
					6E7705932438C40A00C3BC66 = {
						CreatedOnToolsVersion = 11.4;
					};
					6E7705A92438C40B00C3BC66 = {
						CreatedOnToolsVersion = 11.4;
						TestTargetID = 6E7705932438C40A00C3BC66;
					};
					6E7705B42438C40B00C3BC66 = {
						CreatedOnToolsVersion = 11.4;
						TestTargetID = 6E7705932438C40A00C3BC66;
					};
				};
			};
			buildConfigurationList = 6E77058F2438C40A00C3BC66 /* Build configuration list for PBXProject "Baluchon" */;
			compatibilityVersion = "Xcode 9.3";
			developmentRegion = en;
			hasScannedForEncodings = 0;
			knownRegions = (
				en,
				Base,
			);
			mainGroup = 6E77058B2438C40A00C3BC66;
			productRefGroup = 6E7705952438C40A00C3BC66 /* Products */;
			projectDirPath = "";
			projectRoot = "";
			targets = (
				6E7705932438C40A00C3BC66 /* Baluchon */,
				6E7705A92438C40B00C3BC66 /* BaluchonTests */,
				6E7705B42438C40B00C3BC66 /* BaluchonUITests */,
			);
		};
/* End PBXProject section */

/* Begin PBXResourcesBuildPhase section */
		6E7705922438C40A00C3BC66 /* Resources */ = {
			isa = PBXResourcesBuildPhase;
			buildActionMask = 2147483647;
			files = (
				6E7705A42438C40B00C3BC66 /* LaunchScreen.storyboard in Resources */,
				6E7705CB2438C6B100C3BC66 /* Default-568h@2x.png in Resources */,
				6E7705A12438C40B00C3BC66 /* Assets.xcassets in Resources */,
				6E77059F2438C40A00C3BC66 /* Main.storyboard in Resources */,
			);
			runOnlyForDeploymentPostprocessing = 0;
		};
		6E7705A82438C40B00C3BC66 /* Resources */ = {
			isa = PBXResourcesBuildPhase;
			buildActionMask = 2147483647;
			files = (
			);
			runOnlyForDeploymentPostprocessing = 0;
		};
		6E7705B32438C40B00C3BC66 /* Resources */ = {
			isa = PBXResourcesBuildPhase;
			buildActionMask = 2147483647;
			files = (
			);
			runOnlyForDeploymentPostprocessing = 0;
		};
/* End PBXResourcesBuildPhase section */

/* Begin PBXShellScriptBuildPhase section */
		6EE9309B243F5CC000C761AC /* ShellScript */ = {
			isa = PBXShellScriptBuildPhase;
			buildActionMask = 2147483647;
			files = (
			);
			inputFileListPaths = (
			);
			inputPaths = (
			);
			outputFileListPaths = (
			);
			outputPaths = (
			);
			runOnlyForDeploymentPostprocessing = 0;
			shellPath = /bin/sh;
			shellScript = "# Type a script or drag a script file from your workspace to insert its path.\nif which swiftlint >/dev/null; then\n  swiftlint\nelse\n  echo \"warning: SwiftLint not installed, download from https://github.com/realm/SwiftLint\"\nfi\n";
		};
/* End PBXShellScriptBuildPhase section */

/* Begin PBXSourcesBuildPhase section */
		6E7705902438C40A00C3BC66 /* Sources */ = {
			isa = PBXSourcesBuildPhase;
			buildActionMask = 2147483647;
			files = (
				6E9A722C2443C86300BE910F /* Weather.swift in Sources */,
				6E9A72322443CF6E00BE910F /* WeatherElement.swift in Sources */,
				6E7705982438C40A00C3BC66 /* AppDelegate.swift in Sources */,
				6E335AC7243B77C800CD22B4 /* WeatherViewController.swift in Sources */,
				6E9A72302443CF0F00BE910F /* Coord.swift in Sources */,
				6E9A72342443D06800BE910F /* Sys.swift in Sources */,
				6E335AC5243B77BC00CD22B4 /* TranslateViewController.swift in Sources */,
				6E335AC9243B77D400CD22B4 /* Baluchon.swift in Sources */,
				6E335AC3243B741A00CD22B4 /* CurrencyViewController.swift in Sources */,
				6E335ACB243B80FE00CD22B4 /* Currency.swift in Sources */,
				6E77059A2438C40A00C3BC66 /* SceneDelegate.swift in Sources */,
			);
			runOnlyForDeploymentPostprocessing = 0;
		};
		6E7705A62438C40B00C3BC66 /* Sources */ = {
			isa = PBXSourcesBuildPhase;
			buildActionMask = 2147483647;
			files = (
				6E7705AF2438C40B00C3BC66 /* BaluchonTests.swift in Sources */,
			);
			runOnlyForDeploymentPostprocessing = 0;
		};
		6E7705B12438C40B00C3BC66 /* Sources */ = {
			isa = PBXSourcesBuildPhase;
			buildActionMask = 2147483647;
			files = (
				6E7705BA2438C40B00C3BC66 /* BaluchonUITests.swift in Sources */,
			);
			runOnlyForDeploymentPostprocessing = 0;
		};
/* End PBXSourcesBuildPhase section */

/* Begin PBXTargetDependency section */
		6E7705AC2438C40B00C3BC66 /* PBXTargetDependency */ = {
			isa = PBXTargetDependency;
			target = 6E7705932438C40A00C3BC66 /* Baluchon */;
			targetProxy = 6E7705AB2438C40B00C3BC66 /* PBXContainerItemProxy */;
		};
		6E7705B72438C40B00C3BC66 /* PBXTargetDependency */ = {
			isa = PBXTargetDependency;
			target = 6E7705932438C40A00C3BC66 /* Baluchon */;
			targetProxy = 6E7705B62438C40B00C3BC66 /* PBXContainerItemProxy */;
		};
/* End PBXTargetDependency section */

/* Begin PBXVariantGroup section */
		6E77059D2438C40A00C3BC66 /* Main.storyboard */ = {
			isa = PBXVariantGroup;
			children = (
				6E77059E2438C40A00C3BC66 /* Base */,
			);
			name = Main.storyboard;
			sourceTree = "<group>";
		};
		6E7705A22438C40B00C3BC66 /* LaunchScreen.storyboard */ = {
			isa = PBXVariantGroup;
			children = (
				6E7705A32438C40B00C3BC66 /* Base */,
			);
			name = LaunchScreen.storyboard;
			sourceTree = "<group>";
		};
/* End PBXVariantGroup section */

/* Begin XCBuildConfiguration section */
		6E7705BC2438C40B00C3BC66 /* Debug */ = {
			isa = XCBuildConfiguration;
			buildSettings = {
				ALWAYS_SEARCH_USER_PATHS = NO;
				CLANG_ANALYZER_NONNULL = YES;
				CLANG_ANALYZER_NUMBER_OBJECT_CONVERSION = YES_AGGRESSIVE;
				CLANG_CXX_LANGUAGE_STANDARD = "gnu++14";
				CLANG_CXX_LIBRARY = "libc++";
				CLANG_ENABLE_MODULES = YES;
				CLANG_ENABLE_OBJC_ARC = YES;
				CLANG_ENABLE_OBJC_WEAK = YES;
				CLANG_WARN_BLOCK_CAPTURE_AUTORELEASING = YES;
				CLANG_WARN_BOOL_CONVERSION = YES;
				CLANG_WARN_COMMA = YES;
				CLANG_WARN_CONSTANT_CONVERSION = YES;
				CLANG_WARN_DEPRECATED_OBJC_IMPLEMENTATIONS = YES;
				CLANG_WARN_DIRECT_OBJC_ISA_USAGE = YES_ERROR;
				CLANG_WARN_DOCUMENTATION_COMMENTS = YES;
				CLANG_WARN_EMPTY_BODY = YES;
				CLANG_WARN_ENUM_CONVERSION = YES;
				CLANG_WARN_INFINITE_RECURSION = YES;
				CLANG_WARN_INT_CONVERSION = YES;
				CLANG_WARN_NON_LITERAL_NULL_CONVERSION = YES;
				CLANG_WARN_OBJC_IMPLICIT_RETAIN_SELF = YES;
				CLANG_WARN_OBJC_LITERAL_CONVERSION = YES;
				CLANG_WARN_OBJC_ROOT_CLASS = YES_ERROR;
				CLANG_WARN_RANGE_LOOP_ANALYSIS = YES;
				CLANG_WARN_STRICT_PROTOTYPES = YES;
				CLANG_WARN_SUSPICIOUS_MOVE = YES;
				CLANG_WARN_UNGUARDED_AVAILABILITY = YES_AGGRESSIVE;
				CLANG_WARN_UNREACHABLE_CODE = YES;
				CLANG_WARN__DUPLICATE_METHOD_MATCH = YES;
				COPY_PHASE_STRIP = NO;
				DEBUG_INFORMATION_FORMAT = dwarf;
				ENABLE_STRICT_OBJC_MSGSEND = YES;
				ENABLE_TESTABILITY = YES;
				GCC_C_LANGUAGE_STANDARD = gnu11;
				GCC_DYNAMIC_NO_PIC = NO;
				GCC_NO_COMMON_BLOCKS = YES;
				GCC_OPTIMIZATION_LEVEL = 0;
				GCC_PREPROCESSOR_DEFINITIONS = (
					"DEBUG=1",
					"$(inherited)",
				);
				GCC_WARN_64_TO_32_BIT_CONVERSION = YES;
				GCC_WARN_ABOUT_RETURN_TYPE = YES_ERROR;
				GCC_WARN_UNDECLARED_SELECTOR = YES;
				GCC_WARN_UNINITIALIZED_AUTOS = YES_AGGRESSIVE;
				GCC_WARN_UNUSED_FUNCTION = YES;
				GCC_WARN_UNUSED_VARIABLE = YES;
				IPHONEOS_DEPLOYMENT_TARGET = 11.0;
				MTL_ENABLE_DEBUG_INFO = INCLUDE_SOURCE;
				MTL_FAST_MATH = YES;
				ONLY_ACTIVE_ARCH = YES;
				SDKROOT = iphoneos;
				SWIFT_ACTIVE_COMPILATION_CONDITIONS = DEBUG;
				SWIFT_OPTIMIZATION_LEVEL = "-Onone";
			};
			name = Debug;
		};
		6E7705BD2438C40B00C3BC66 /* Release */ = {
			isa = XCBuildConfiguration;
			buildSettings = {
				ALWAYS_SEARCH_USER_PATHS = NO;
				CLANG_ANALYZER_NONNULL = YES;
				CLANG_ANALYZER_NUMBER_OBJECT_CONVERSION = YES_AGGRESSIVE;
				CLANG_CXX_LANGUAGE_STANDARD = "gnu++14";
				CLANG_CXX_LIBRARY = "libc++";
				CLANG_ENABLE_MODULES = YES;
				CLANG_ENABLE_OBJC_ARC = YES;
				CLANG_ENABLE_OBJC_WEAK = YES;
				CLANG_WARN_BLOCK_CAPTURE_AUTORELEASING = YES;
				CLANG_WARN_BOOL_CONVERSION = YES;
				CLANG_WARN_COMMA = YES;
				CLANG_WARN_CONSTANT_CONVERSION = YES;
				CLANG_WARN_DEPRECATED_OBJC_IMPLEMENTATIONS = YES;
				CLANG_WARN_DIRECT_OBJC_ISA_USAGE = YES_ERROR;
				CLANG_WARN_DOCUMENTATION_COMMENTS = YES;
				CLANG_WARN_EMPTY_BODY = YES;
				CLANG_WARN_ENUM_CONVERSION = YES;
				CLANG_WARN_INFINITE_RECURSION = YES;
				CLANG_WARN_INT_CONVERSION = YES;
				CLANG_WARN_NON_LITERAL_NULL_CONVERSION = YES;
				CLANG_WARN_OBJC_IMPLICIT_RETAIN_SELF = YES;
				CLANG_WARN_OBJC_LITERAL_CONVERSION = YES;
				CLANG_WARN_OBJC_ROOT_CLASS = YES_ERROR;
				CLANG_WARN_RANGE_LOOP_ANALYSIS = YES;
				CLANG_WARN_STRICT_PROTOTYPES = YES;
				CLANG_WARN_SUSPICIOUS_MOVE = YES;
				CLANG_WARN_UNGUARDED_AVAILABILITY = YES_AGGRESSIVE;
				CLANG_WARN_UNREACHABLE_CODE = YES;
				CLANG_WARN__DUPLICATE_METHOD_MATCH = YES;
				COPY_PHASE_STRIP = NO;
				DEBUG_INFORMATION_FORMAT = "dwarf-with-dsym";
				ENABLE_NS_ASSERTIONS = NO;
				ENABLE_STRICT_OBJC_MSGSEND = YES;
				GCC_C_LANGUAGE_STANDARD = gnu11;
				GCC_NO_COMMON_BLOCKS = YES;
				GCC_WARN_64_TO_32_BIT_CONVERSION = YES;
				GCC_WARN_ABOUT_RETURN_TYPE = YES_ERROR;
				GCC_WARN_UNDECLARED_SELECTOR = YES;
				GCC_WARN_UNINITIALIZED_AUTOS = YES_AGGRESSIVE;
				GCC_WARN_UNUSED_FUNCTION = YES;
				GCC_WARN_UNUSED_VARIABLE = YES;
				IPHONEOS_DEPLOYMENT_TARGET = 11.0;
				MTL_ENABLE_DEBUG_INFO = NO;
				MTL_FAST_MATH = YES;
				SDKROOT = iphoneos;
				SWIFT_COMPILATION_MODE = wholemodule;
				SWIFT_OPTIMIZATION_LEVEL = "-O";
				VALIDATE_PRODUCT = YES;
			};
			name = Release;
		};
		6E7705BF2438C40B00C3BC66 /* Debug */ = {
			isa = XCBuildConfiguration;
			buildSettings = {
				ASSETCATALOG_COMPILER_APPICON_NAME = AppIcon;
				CODE_SIGN_STYLE = Automatic;
				DEVELOPMENT_TEAM = L6369QJ9JH;
				INFOPLIST_FILE = "Supporting Files/Info.plist";
				IPHONEOS_DEPLOYMENT_TARGET = 11.0;
				LD_RUNPATH_SEARCH_PATHS = (
					"$(inherited)",
					"@executable_path/Frameworks",
				);
				PRODUCT_BUNDLE_IDENTIFIER = com.vinceled.Baluchon;
				PRODUCT_NAME = "$(TARGET_NAME)";
				SWIFT_VERSION = 5.0;
				TARGETED_DEVICE_FAMILY = 1;
			};
			name = Debug;
		};
		6E7705C02438C40B00C3BC66 /* Release */ = {
			isa = XCBuildConfiguration;
			buildSettings = {
				ASSETCATALOG_COMPILER_APPICON_NAME = AppIcon;
				CODE_SIGN_STYLE = Automatic;
				DEVELOPMENT_TEAM = L6369QJ9JH;
				INFOPLIST_FILE = "Supporting Files/Info.plist";
				IPHONEOS_DEPLOYMENT_TARGET = 11.0;
				LD_RUNPATH_SEARCH_PATHS = (
					"$(inherited)",
					"@executable_path/Frameworks",
				);
				PRODUCT_BUNDLE_IDENTIFIER = com.vinceled.Baluchon;
				PRODUCT_NAME = "$(TARGET_NAME)";
				SWIFT_VERSION = 5.0;
				TARGETED_DEVICE_FAMILY = 1;
			};
			name = Release;
		};
		6E7705C22438C40B00C3BC66 /* Debug */ = {
			isa = XCBuildConfiguration;
			buildSettings = {
				ALWAYS_EMBED_SWIFT_STANDARD_LIBRARIES = YES;
				BUNDLE_LOADER = "$(TEST_HOST)";
				CODE_SIGN_STYLE = Automatic;
				DEVELOPMENT_TEAM = L6369QJ9JH;
				INFOPLIST_FILE = BaluchonTests/Info.plist;
				IPHONEOS_DEPLOYMENT_TARGET = 13.4;
				LD_RUNPATH_SEARCH_PATHS = (
					"$(inherited)",
					"@executable_path/Frameworks",
					"@loader_path/Frameworks",
				);
				PRODUCT_BUNDLE_IDENTIFIER = com.vinceled.BaluchonTests;
				PRODUCT_NAME = "$(TARGET_NAME)";
				SWIFT_VERSION = 5.0;
				TARGETED_DEVICE_FAMILY = "1,2";
				TEST_HOST = "$(BUILT_PRODUCTS_DIR)/Baluchon.app/Baluchon";
			};
			name = Debug;
		};
		6E7705C32438C40B00C3BC66 /* Release */ = {
			isa = XCBuildConfiguration;
			buildSettings = {
				ALWAYS_EMBED_SWIFT_STANDARD_LIBRARIES = YES;
				BUNDLE_LOADER = "$(TEST_HOST)";
				CODE_SIGN_STYLE = Automatic;
				DEVELOPMENT_TEAM = L6369QJ9JH;
				INFOPLIST_FILE = BaluchonTests/Info.plist;
				IPHONEOS_DEPLOYMENT_TARGET = 13.4;
				LD_RUNPATH_SEARCH_PATHS = (
					"$(inherited)",
					"@executable_path/Frameworks",
					"@loader_path/Frameworks",
				);
				PRODUCT_BUNDLE_IDENTIFIER = com.vinceled.BaluchonTests;
				PRODUCT_NAME = "$(TARGET_NAME)";
				SWIFT_VERSION = 5.0;
				TARGETED_DEVICE_FAMILY = "1,2";
				TEST_HOST = "$(BUILT_PRODUCTS_DIR)/Baluchon.app/Baluchon";
			};
			name = Release;
		};
		6E7705C52438C40B00C3BC66 /* Debug */ = {
			isa = XCBuildConfiguration;
			buildSettings = {
				ALWAYS_EMBED_SWIFT_STANDARD_LIBRARIES = YES;
				CODE_SIGN_STYLE = Automatic;
				DEVELOPMENT_TEAM = L6369QJ9JH;
				INFOPLIST_FILE = BaluchonUITests/Info.plist;
				LD_RUNPATH_SEARCH_PATHS = (
					"$(inherited)",
					"@executable_path/Frameworks",
					"@loader_path/Frameworks",
				);
				PRODUCT_BUNDLE_IDENTIFIER = com.vinceled.BaluchonUITests;
				PRODUCT_NAME = "$(TARGET_NAME)";
				SWIFT_VERSION = 5.0;
				TARGETED_DEVICE_FAMILY = "1,2";
				TEST_TARGET_NAME = Baluchon;
			};
			name = Debug;
		};
		6E7705C62438C40B00C3BC66 /* Release */ = {
			isa = XCBuildConfiguration;
			buildSettings = {
				ALWAYS_EMBED_SWIFT_STANDARD_LIBRARIES = YES;
				CODE_SIGN_STYLE = Automatic;
				DEVELOPMENT_TEAM = L6369QJ9JH;
				INFOPLIST_FILE = BaluchonUITests/Info.plist;
				LD_RUNPATH_SEARCH_PATHS = (
					"$(inherited)",
					"@executable_path/Frameworks",
					"@loader_path/Frameworks",
				);
				PRODUCT_BUNDLE_IDENTIFIER = com.vinceled.BaluchonUITests;
				PRODUCT_NAME = "$(TARGET_NAME)";
				SWIFT_VERSION = 5.0;
				TARGETED_DEVICE_FAMILY = "1,2";
				TEST_TARGET_NAME = Baluchon;
			};
			name = Release;
		};
/* End XCBuildConfiguration section */

/* Begin XCConfigurationList section */
		6E77058F2438C40A00C3BC66 /* Build configuration list for PBXProject "Baluchon" */ = {
			isa = XCConfigurationList;
			buildConfigurations = (
				6E7705BC2438C40B00C3BC66 /* Debug */,
				6E7705BD2438C40B00C3BC66 /* Release */,
			);
			defaultConfigurationIsVisible = 0;
			defaultConfigurationName = Release;
		};
		6E7705BE2438C40B00C3BC66 /* Build configuration list for PBXNativeTarget "Baluchon" */ = {
			isa = XCConfigurationList;
			buildConfigurations = (
				6E7705BF2438C40B00C3BC66 /* Debug */,
				6E7705C02438C40B00C3BC66 /* Release */,
			);
			defaultConfigurationIsVisible = 0;
			defaultConfigurationName = Release;
		};
		6E7705C12438C40B00C3BC66 /* Build configuration list for PBXNativeTarget "BaluchonTests" */ = {
			isa = XCConfigurationList;
			buildConfigurations = (
				6E7705C22438C40B00C3BC66 /* Debug */,
				6E7705C32438C40B00C3BC66 /* Release */,
			);
			defaultConfigurationIsVisible = 0;
			defaultConfigurationName = Release;
		};
		6E7705C42438C40B00C3BC66 /* Build configuration list for PBXNativeTarget "BaluchonUITests" */ = {
			isa = XCConfigurationList;
			buildConfigurations = (
				6E7705C52438C40B00C3BC66 /* Debug */,
				6E7705C62438C40B00C3BC66 /* Release */,
			);
			defaultConfigurationIsVisible = 0;
			defaultConfigurationName = Release;
		};
/* End XCConfigurationList section */
	};
	rootObject = 6E77058C2438C40A00C3BC66 /* Project object */;
}
