// !$*UTF8*$!
{
	archiveVersion = 1;
	classes = {
	};
	objectVersion = 50;
	objects = {

/* Begin PBXBuildFile section */
		6E01662C2449F9E900E7AC2C /* FakeCurrencyResponseData.swift in Sources */ = {isa = PBXBuildFile; fileRef = 6E8F0E7024485590005FB029 /* FakeCurrencyResponseData.swift */; };
		6E02197D2448A1BD007C4CBB /* TranslationNetworkManager.swift in Sources */ = {isa = PBXBuildFile; fileRef = 6E02197C2448A1BD007C4CBB /* TranslationNetworkManager.swift */; };
		6E02197F2448A1FF007C4CBB /* TranslateDelegate.swift in Sources */ = {isa = PBXBuildFile; fileRef = 6E02197E2448A1FF007C4CBB /* TranslateDelegate.swift */; };
		6E0219842448E3BE007C4CBB /* WeatherCell.swift in Sources */ = {isa = PBXBuildFile; fileRef = 6E0219832448E3BE007C4CBB /* WeatherCell.swift */; };
		6E0219862449C9FF007C4CBB /* NetworkManager.swift in Sources */ = {isa = PBXBuildFile; fileRef = 6E8F0E7424488165005FB029 /* NetworkManager.swift */; };
		6E0CAD71248511BE001655B1 /* HTTPMethod.swift in Sources */ = {isa = PBXBuildFile; fileRef = 6E0CAD70248511BE001655B1 /* HTTPMethod.swift */; };
		6E21886E24547EFD00E31372 /* Translation.json in Resources */ = {isa = PBXBuildFile; fileRef = 6E21886D24547EFD00E31372 /* Translation.json */; };
		6E21887024547F1F00E31372 /* Weather.json in Resources */ = {isa = PBXBuildFile; fileRef = 6E21886F24547F1F00E31372 /* Weather.json */; };
		6E2C9862244F31E1009BEBBD /* URLGeneratorForTranslate.swift in Sources */ = {isa = PBXBuildFile; fileRef = 6E2C9861244F31E1009BEBBD /* URLGeneratorForTranslate.swift */; };
		6E2C9864244F3B58009BEBBD /* URLGeneratorForWeather.swift in Sources */ = {isa = PBXBuildFile; fileRef = 6E2C9863244F3B58009BEBBD /* URLGeneratorForWeather.swift */; };
		6E335AC3243B741A00CD22B4 /* CurrencyViewController.swift in Sources */ = {isa = PBXBuildFile; fileRef = 6E335AC2243B741A00CD22B4 /* CurrencyViewController.swift */; };
		6E335AC5243B77BC00CD22B4 /* TranslateViewController.swift in Sources */ = {isa = PBXBuildFile; fileRef = 6E335AC4243B77BC00CD22B4 /* TranslateViewController.swift */; };
		6E335AC7243B77C800CD22B4 /* WeatherViewController.swift in Sources */ = {isa = PBXBuildFile; fileRef = 6E335AC6243B77C800CD22B4 /* WeatherViewController.swift */; };
		6E335ACB243B80FE00CD22B4 /* CurrencyResult.swift in Sources */ = {isa = PBXBuildFile; fileRef = 6E335ACA243B80FE00CD22B4 /* CurrencyResult.swift */; };
		6E4A21F424445325007AC6C3 /* CurrencyNetworkManager.swift in Sources */ = {isa = PBXBuildFile; fileRef = 6E4A21F324445325007AC6C3 /* CurrencyNetworkManager.swift */; };
		6E4A21F624445376007AC6C3 /* CurrrenyDelegate.swift in Sources */ = {isa = PBXBuildFile; fileRef = 6E4A21F524445376007AC6C3 /* CurrrenyDelegate.swift */; };
		6E4A22102445AA07007AC6C3 /* CurrencyCell.swift in Sources */ = {isa = PBXBuildFile; fileRef = 6E4A220F2445AA07007AC6C3 /* CurrencyCell.swift */; };
		6E4A22122445ABC0007AC6C3 /* URLComponentManager.swift in Sources */ = {isa = PBXBuildFile; fileRef = 6E4A22112445ABC0007AC6C3 /* URLComponentManager.swift */; };
		6E4A22142445AEA0007AC6C3 /* WeatherNetworkManager.swift in Sources */ = {isa = PBXBuildFile; fileRef = 6E4A22132445AEA0007AC6C3 /* WeatherNetworkManager.swift */; };
		6E4A22162445AEAC007AC6C3 /* WeatherDelegate.swift in Sources */ = {isa = PBXBuildFile; fileRef = 6E4A22152445AEAC007AC6C3 /* WeatherDelegate.swift */; };
		6E4A22182445F77F007AC6C3 /* NetworkManagerError.swift in Sources */ = {isa = PBXBuildFile; fileRef = 6E4A22172445F77F007AC6C3 /* NetworkManagerError.swift */; };
		6E4CE56F24C42409002515D9 /* CurrencyTextFieldDelegate.swift in Sources */ = {isa = PBXBuildFile; fileRef = 6E4CE56E24C42409002515D9 /* CurrencyTextFieldDelegate.swift */; };
		6E500B7924705D82009F188E /* TranslateTextViewDelegate.swift in Sources */ = {isa = PBXBuildFile; fileRef = 6E500B7824705D82009F188E /* TranslateTextViewDelegate.swift */; };
		6E62331A244C3C2A008B18E1 /* TranslatedTextViewController.swift in Sources */ = {isa = PBXBuildFile; fileRef = 6E623319244C3C2A008B18E1 /* TranslatedTextViewController.swift */; };
		6E62331C244C49D3008B18E1 /* URLGeneratorForCurrency.swift in Sources */ = {isa = PBXBuildFile; fileRef = 6E62331B244C49D3008B18E1 /* URLGeneratorForCurrency.swift */; };
		6E6604DF246EC092000BA21B /* Coord.swift in Sources */ = {isa = PBXBuildFile; fileRef = 6E6604DE246EC092000BA21B /* Coord.swift */; };
		6E6604E1246EC127000BA21B /* Clouds.swift in Sources */ = {isa = PBXBuildFile; fileRef = 6E6604E0246EC127000BA21B /* Clouds.swift */; };
		6E6604E3246EC17F000BA21B /* Sys.swift in Sources */ = {isa = PBXBuildFile; fileRef = 6E6604E2246EC17F000BA21B /* Sys.swift */; };
		6E6EED1724E2757A00AF0EAC /* response.png in Resources */ = {isa = PBXBuildFile; fileRef = 6E6EED1624E2757A00AF0EAC /* response.png */; };
		6E6EED1924E29EF400AF0EAC /* CurrencyResultContainer.swift in Sources */ = {isa = PBXBuildFile; fileRef = 6E6EED1824E29EF400AF0EAC /* CurrencyResultContainer.swift */; };
		6E6EED1D24E29FED00AF0EAC /* CurrencyResultContainerDelegate.swift in Sources */ = {isa = PBXBuildFile; fileRef = 6E6EED1A24E29FC900AF0EAC /* CurrencyResultContainerDelegate.swift */; };
		6E6EED1F24E2C3E100AF0EAC /* WeatherResultContainerDelegate.swift in Sources */ = {isa = PBXBuildFile; fileRef = 6E6EED1E24E2C3E100AF0EAC /* WeatherResultContainerDelegate.swift */; };
		6E6EED2124E2C41100AF0EAC /* WeatherResultContainer.swift in Sources */ = {isa = PBXBuildFile; fileRef = 6E6EED2024E2C41100AF0EAC /* WeatherResultContainer.swift */; };
		6E6EED2224E2C63000AF0EAC /* WeatherResultContainerDelegate.swift in Sources */ = {isa = PBXBuildFile; fileRef = 6E6EED1E24E2C3E100AF0EAC /* WeatherResultContainerDelegate.swift */; };
		6E6EED2324E2C63F00AF0EAC /* WeatherResultContainer.swift in Sources */ = {isa = PBXBuildFile; fileRef = 6E6EED2024E2C41100AF0EAC /* WeatherResultContainer.swift */; };
		6E6EED2424E2D55100AF0EAC /* CurrencyResultContainer.swift in Sources */ = {isa = PBXBuildFile; fileRef = 6E6EED1824E29EF400AF0EAC /* CurrencyResultContainer.swift */; };
		6E6EED2524E2D56700AF0EAC /* WeatherResult.swift in Sources */ = {isa = PBXBuildFile; fileRef = 6E9A722B2443C86300BE910F /* WeatherResult.swift */; };
		6E6EED2624E2D65100AF0EAC /* CurrencyResultContainerDelegate.swift in Sources */ = {isa = PBXBuildFile; fileRef = 6E6EED1A24E29FC900AF0EAC /* CurrencyResultContainerDelegate.swift */; };
		6E6EED2724E2D65A00AF0EAC /* CurrencyResult.swift in Sources */ = {isa = PBXBuildFile; fileRef = 6E335ACA243B80FE00CD22B4 /* CurrencyResult.swift */; };
		6E6EED2824E2D66800AF0EAC /* Coord.swift in Sources */ = {isa = PBXBuildFile; fileRef = 6E6604DE246EC092000BA21B /* Coord.swift */; };
		6E6EED2924E2D67000AF0EAC /* NetworkManagerError.swift in Sources */ = {isa = PBXBuildFile; fileRef = 6E4A22172445F77F007AC6C3 /* NetworkManagerError.swift */; };
		6E6EED2A24E2D67500AF0EAC /* TranslationResult.swift in Sources */ = {isa = PBXBuildFile; fileRef = 6EF564DC2443E62C00B9BB9A /* TranslationResult.swift */; };
		6E6EED2B24E2D67900AF0EAC /* Sys.swift in Sources */ = {isa = PBXBuildFile; fileRef = 6E6604E2246EC17F000BA21B /* Sys.swift */; };
		6E6EED2C24E2D67F00AF0EAC /* Clouds.swift in Sources */ = {isa = PBXBuildFile; fileRef = 6E6604E0246EC127000BA21B /* Clouds.swift */; };
		6E6EED2D24E2D68200AF0EAC /* Main.swift in Sources */ = {isa = PBXBuildFile; fileRef = 6E870125244D819900EA810E /* Main.swift */; };
		6E6EED2E24E2D68400AF0EAC /* WeatherElement.swift in Sources */ = {isa = PBXBuildFile; fileRef = 6E9A72312443CF6E00BE910F /* WeatherElement.swift */; };
		6E6EED2F24E2D68600AF0EAC /* Wind.swift in Sources */ = {isa = PBXBuildFile; fileRef = 6E7FD728246FDB25009E3F74 /* Wind.swift */; };
		6E6EED3024E2D68900AF0EAC /* Temperature.swift in Sources */ = {isa = PBXBuildFile; fileRef = 6E8C86E924BEE82700FE5A1D /* Temperature.swift */; };
		6E6EED3124E2D68E00AF0EAC /* CurrrenyDelegate.swift in Sources */ = {isa = PBXBuildFile; fileRef = 6E4A21F524445376007AC6C3 /* CurrrenyDelegate.swift */; };
		6E6EED3224E2D69000AF0EAC /* TranslateDelegate.swift in Sources */ = {isa = PBXBuildFile; fileRef = 6E02197E2448A1FF007C4CBB /* TranslateDelegate.swift */; };
		6E6EED3324E2D69300AF0EAC /* WeatherDelegate.swift in Sources */ = {isa = PBXBuildFile; fileRef = 6E4A22152445AEAC007AC6C3 /* WeatherDelegate.swift */; };
		6E6EED3424E2D69D00AF0EAC /* NetworkManager.swift in Sources */ = {isa = PBXBuildFile; fileRef = 6E8F0E7424488165005FB029 /* NetworkManager.swift */; };
		6E6EED3524E2D69F00AF0EAC /* URLComponentManager.swift in Sources */ = {isa = PBXBuildFile; fileRef = 6E4A22112445ABC0007AC6C3 /* URLComponentManager.swift */; };
		6E6EED3624E2D6A100AF0EAC /* URLGeneratorForCurrency.swift in Sources */ = {isa = PBXBuildFile; fileRef = 6E62331B244C49D3008B18E1 /* URLGeneratorForCurrency.swift */; };
		6E6EED3724E2D6A400AF0EAC /* URLGeneratorForTranslate.swift in Sources */ = {isa = PBXBuildFile; fileRef = 6E2C9861244F31E1009BEBBD /* URLGeneratorForTranslate.swift */; };
		6E6EED3824E2D6D500AF0EAC /* URLGeneratorForWeather.swift in Sources */ = {isa = PBXBuildFile; fileRef = 6E2C9863244F3B58009BEBBD /* URLGeneratorForWeather.swift */; };
		6E6EED3924E2D6D900AF0EAC /* CurrencyNetworkManager.swift in Sources */ = {isa = PBXBuildFile; fileRef = 6E4A21F324445325007AC6C3 /* CurrencyNetworkManager.swift */; };
		6E6EED3A24E2D6DB00AF0EAC /* TranslationNetworkManager.swift in Sources */ = {isa = PBXBuildFile; fileRef = 6E02197C2448A1BD007C4CBB /* TranslationNetworkManager.swift */; };
		6E6EED3B24E2D6DE00AF0EAC /* WeatherNetworkManager.swift in Sources */ = {isa = PBXBuildFile; fileRef = 6E4A22132445AEA0007AC6C3 /* WeatherNetworkManager.swift */; };
		6E6EED3C24E2D6E100AF0EAC /* HTTPMethod.swift in Sources */ = {isa = PBXBuildFile; fileRef = 6E0CAD70248511BE001655B1 /* HTTPMethod.swift */; };
		6E6EED3D24E2D6E400AF0EAC /* String.swift in Sources */ = {isa = PBXBuildFile; fileRef = 6EF125C324C989BB0022C1EF /* String.swift */; };
		6E6EED3E24E2D6E700AF0EAC /* Languages.swift in Sources */ = {isa = PBXBuildFile; fileRef = 6EE9928024D29E2E00C5E744 /* Languages.swift */; };
		6E7705982438C40A00C3BC66 /* AppDelegate.swift in Sources */ = {isa = PBXBuildFile; fileRef = 6E7705972438C40A00C3BC66 /* AppDelegate.swift */; };
		6E77059A2438C40A00C3BC66 /* SceneDelegate.swift in Sources */ = {isa = PBXBuildFile; fileRef = 6E7705992438C40A00C3BC66 /* SceneDelegate.swift */; };
		6E77059F2438C40A00C3BC66 /* Main.storyboard in Resources */ = {isa = PBXBuildFile; fileRef = 6E77059D2438C40A00C3BC66 /* Main.storyboard */; };
		6E7705A12438C40B00C3BC66 /* Assets.xcassets in Resources */ = {isa = PBXBuildFile; fileRef = 6E7705A02438C40B00C3BC66 /* Assets.xcassets */; };
		6E7705A42438C40B00C3BC66 /* LaunchScreen.storyboard in Resources */ = {isa = PBXBuildFile; fileRef = 6E7705A22438C40B00C3BC66 /* LaunchScreen.storyboard */; };
		6E7705AF2438C40B00C3BC66 /* CurrencyNetworkManagerTests.swift in Sources */ = {isa = PBXBuildFile; fileRef = 6E7705AE2438C40B00C3BC66 /* CurrencyNetworkManagerTests.swift */; };
		6E7705CB2438C6B100C3BC66 /* Default-568h@2x.png in Resources */ = {isa = PBXBuildFile; fileRef = 6E7705CA2438C6B100C3BC66 /* Default-568h@2x.png */; };
		6E7BDAEC24686AC000DFAEF5 /* CurrencyTableViewDataSource.swift in Sources */ = {isa = PBXBuildFile; fileRef = 6E7BDAEB24686AC000DFAEF5 /* CurrencyTableViewDataSource.swift */; };
		6E7BDAEE24691D3B00DFAEF5 /* WeatherTableViewDelegate.swift in Sources */ = {isa = PBXBuildFile; fileRef = 6E7BDAED24691D3B00DFAEF5 /* WeatherTableViewDelegate.swift */; };
		6E7FD729246FDB25009E3F74 /* Wind.swift in Sources */ = {isa = PBXBuildFile; fileRef = 6E7FD728246FDB25009E3F74 /* Wind.swift */; };
		6E870126244D819900EA810E /* Main.swift in Sources */ = {isa = PBXBuildFile; fileRef = 6E870125244D819900EA810E /* Main.swift */; };
		6E8C86EA24BEE82700FE5A1D /* Temperature.swift in Sources */ = {isa = PBXBuildFile; fileRef = 6E8C86E924BEE82700FE5A1D /* Temperature.swift */; };
		6E8F0E7324487CAA005FB029 /* Currency.json in Resources */ = {isa = PBXBuildFile; fileRef = 6E8F0E7224487CAA005FB029 /* Currency.json */; };
		6E8F0E7724488A2A005FB029 /* URLSessionFake.swift in Sources */ = {isa = PBXBuildFile; fileRef = 6E8F0E7624488A2A005FB029 /* URLSessionFake.swift */; };
		6E9A722C2443C86300BE910F /* WeatherResult.swift in Sources */ = {isa = PBXBuildFile; fileRef = 6E9A722B2443C86300BE910F /* WeatherResult.swift */; };
		6E9A72322443CF6E00BE910F /* WeatherElement.swift in Sources */ = {isa = PBXBuildFile; fileRef = 6E9A72312443CF6E00BE910F /* WeatherElement.swift */; };
		6EA4B4D12451CBEE00FBB585 /* FakeWeatherResponseData.swift in Sources */ = {isa = PBXBuildFile; fileRef = 6EA4B4D02451CBEE00FBB585 /* FakeWeatherResponseData.swift */; };
		6EA4B4D32451CBFF00FBB585 /* FakeTranslateResponseData.swift in Sources */ = {isa = PBXBuildFile; fileRef = 6EA4B4D22451CBFF00FBB585 /* FakeTranslateResponseData.swift */; };
		6EA4B4DD2451CD4200FBB585 /* TranslationNetworkManagerTests.swift in Sources */ = {isa = PBXBuildFile; fileRef = 6EA4B4DC2451CD4200FBB585 /* TranslationNetworkManagerTests.swift */; };
		6EA4B4DF2451CD6000FBB585 /* WeatherNetworkManagerTests.swift in Sources */ = {isa = PBXBuildFile; fileRef = 6EA4B4DE2451CD6000FBB585 /* WeatherNetworkManagerTests.swift */; };
		6EE9928124D29E2E00C5E744 /* Languages.swift in Sources */ = {isa = PBXBuildFile; fileRef = 6EE9928024D29E2E00C5E744 /* Languages.swift */; };
		6EE9928324D2A3F800C5E744 /* BaseViewController.swift in Sources */ = {isa = PBXBuildFile; fileRef = 6EE9928224D2A3F800C5E744 /* BaseViewController.swift */; };
		6EF125C424C989BB0022C1EF /* String.swift in Sources */ = {isa = PBXBuildFile; fileRef = 6EF125C324C989BB0022C1EF /* String.swift */; };
		6EF564DD2443E62C00B9BB9A /* TranslationResult.swift in Sources */ = {isa = PBXBuildFile; fileRef = 6EF564DC2443E62C00B9BB9A /* TranslationResult.swift */; };
/* End PBXBuildFile section */

/* Begin PBXContainerItemProxy section */
		6E7705AB2438C40B00C3BC66 /* PBXContainerItemProxy */ = {
			isa = PBXContainerItemProxy;
			containerPortal = 6E77058C2438C40A00C3BC66 /* Project object */;
			proxyType = 1;
			remoteGlobalIDString = 6E7705932438C40A00C3BC66;
			remoteInfo = Baluchon;
		};
/* End PBXContainerItemProxy section */

/* Begin PBXFileReference section */
		6E02197C2448A1BD007C4CBB /* TranslationNetworkManager.swift */ = {isa = PBXFileReference; lastKnownFileType = sourcecode.swift; path = TranslationNetworkManager.swift; sourceTree = "<group>"; };
		6E02197E2448A1FF007C4CBB /* TranslateDelegate.swift */ = {isa = PBXFileReference; lastKnownFileType = sourcecode.swift; path = TranslateDelegate.swift; sourceTree = "<group>"; };
		6E0219832448E3BE007C4CBB /* WeatherCell.swift */ = {isa = PBXFileReference; lastKnownFileType = sourcecode.swift; path = WeatherCell.swift; sourceTree = "<group>"; };
		6E0CAD70248511BE001655B1 /* HTTPMethod.swift */ = {isa = PBXFileReference; lastKnownFileType = sourcecode.swift; path = HTTPMethod.swift; sourceTree = "<group>"; };
		6E21886D24547EFD00E31372 /* Translation.json */ = {isa = PBXFileReference; lastKnownFileType = text.json; path = Translation.json; sourceTree = "<group>"; };
		6E21886F24547F1F00E31372 /* Weather.json */ = {isa = PBXFileReference; lastKnownFileType = text.json; path = Weather.json; sourceTree = "<group>"; };
		6E2C9861244F31E1009BEBBD /* URLGeneratorForTranslate.swift */ = {isa = PBXFileReference; lastKnownFileType = sourcecode.swift; path = URLGeneratorForTranslate.swift; sourceTree = "<group>"; };
		6E2C9863244F3B58009BEBBD /* URLGeneratorForWeather.swift */ = {isa = PBXFileReference; lastKnownFileType = sourcecode.swift; path = URLGeneratorForWeather.swift; sourceTree = "<group>"; };
		6E335AC2243B741A00CD22B4 /* CurrencyViewController.swift */ = {isa = PBXFileReference; lastKnownFileType = sourcecode.swift; path = CurrencyViewController.swift; sourceTree = "<group>"; };
		6E335AC4243B77BC00CD22B4 /* TranslateViewController.swift */ = {isa = PBXFileReference; lastKnownFileType = sourcecode.swift; path = TranslateViewController.swift; sourceTree = "<group>"; };
		6E335AC6243B77C800CD22B4 /* WeatherViewController.swift */ = {isa = PBXFileReference; lastKnownFileType = sourcecode.swift; path = WeatherViewController.swift; sourceTree = "<group>"; };
		6E335ACA243B80FE00CD22B4 /* CurrencyResult.swift */ = {isa = PBXFileReference; lastKnownFileType = sourcecode.swift; path = CurrencyResult.swift; sourceTree = "<group>"; };
		6E4A21F324445325007AC6C3 /* CurrencyNetworkManager.swift */ = {isa = PBXFileReference; lastKnownFileType = sourcecode.swift; path = CurrencyNetworkManager.swift; sourceTree = "<group>"; };
		6E4A21F524445376007AC6C3 /* CurrrenyDelegate.swift */ = {isa = PBXFileReference; lastKnownFileType = sourcecode.swift; path = CurrrenyDelegate.swift; sourceTree = "<group>"; };
		6E4A220F2445AA07007AC6C3 /* CurrencyCell.swift */ = {isa = PBXFileReference; lastKnownFileType = sourcecode.swift; path = CurrencyCell.swift; sourceTree = "<group>"; };
		6E4A22112445ABC0007AC6C3 /* URLComponentManager.swift */ = {isa = PBXFileReference; lastKnownFileType = sourcecode.swift; path = URLComponentManager.swift; sourceTree = "<group>"; };
		6E4A22132445AEA0007AC6C3 /* WeatherNetworkManager.swift */ = {isa = PBXFileReference; lastKnownFileType = sourcecode.swift; path = WeatherNetworkManager.swift; sourceTree = "<group>"; };
		6E4A22152445AEAC007AC6C3 /* WeatherDelegate.swift */ = {isa = PBXFileReference; lastKnownFileType = sourcecode.swift; path = WeatherDelegate.swift; sourceTree = "<group>"; };
		6E4A22172445F77F007AC6C3 /* NetworkManagerError.swift */ = {isa = PBXFileReference; lastKnownFileType = sourcecode.swift; path = NetworkManagerError.swift; sourceTree = "<group>"; };
		6E4CE56E24C42409002515D9 /* CurrencyTextFieldDelegate.swift */ = {isa = PBXFileReference; lastKnownFileType = sourcecode.swift; path = CurrencyTextFieldDelegate.swift; sourceTree = "<group>"; };
		6E500B7824705D82009F188E /* TranslateTextViewDelegate.swift */ = {isa = PBXFileReference; lastKnownFileType = sourcecode.swift; path = TranslateTextViewDelegate.swift; sourceTree = "<group>"; };
		6E623319244C3C2A008B18E1 /* TranslatedTextViewController.swift */ = {isa = PBXFileReference; lastKnownFileType = sourcecode.swift; path = TranslatedTextViewController.swift; sourceTree = "<group>"; };
		6E62331B244C49D3008B18E1 /* URLGeneratorForCurrency.swift */ = {isa = PBXFileReference; lastKnownFileType = sourcecode.swift; path = URLGeneratorForCurrency.swift; sourceTree = "<group>"; };
		6E6604DE246EC092000BA21B /* Coord.swift */ = {isa = PBXFileReference; lastKnownFileType = sourcecode.swift; path = Coord.swift; sourceTree = "<group>"; };
		6E6604E0246EC127000BA21B /* Clouds.swift */ = {isa = PBXFileReference; lastKnownFileType = sourcecode.swift; path = Clouds.swift; sourceTree = "<group>"; };
		6E6604E2246EC17F000BA21B /* Sys.swift */ = {isa = PBXFileReference; lastKnownFileType = sourcecode.swift; path = Sys.swift; sourceTree = "<group>"; };
		6E6EED1624E2757A00AF0EAC /* response.png */ = {isa = PBXFileReference; lastKnownFileType = image.png; path = response.png; sourceTree = "<group>"; };
		6E6EED1824E29EF400AF0EAC /* CurrencyResultContainer.swift */ = {isa = PBXFileReference; lastKnownFileType = sourcecode.swift; path = CurrencyResultContainer.swift; sourceTree = "<group>"; };
		6E6EED1A24E29FC900AF0EAC /* CurrencyResultContainerDelegate.swift */ = {isa = PBXFileReference; lastKnownFileType = sourcecode.swift; path = CurrencyResultContainerDelegate.swift; sourceTree = "<group>"; };
		6E6EED1E24E2C3E100AF0EAC /* WeatherResultContainerDelegate.swift */ = {isa = PBXFileReference; lastKnownFileType = sourcecode.swift; path = WeatherResultContainerDelegate.swift; sourceTree = "<group>"; };
		6E6EED2024E2C41100AF0EAC /* WeatherResultContainer.swift */ = {isa = PBXFileReference; lastKnownFileType = sourcecode.swift; path = WeatherResultContainer.swift; sourceTree = "<group>"; };
		6E7705942438C40A00C3BC66 /* Baluchon.app */ = {isa = PBXFileReference; explicitFileType = wrapper.application; includeInIndex = 0; path = Baluchon.app; sourceTree = BUILT_PRODUCTS_DIR; };
		6E7705972438C40A00C3BC66 /* AppDelegate.swift */ = {isa = PBXFileReference; lastKnownFileType = sourcecode.swift; path = AppDelegate.swift; sourceTree = "<group>"; };
		6E7705992438C40A00C3BC66 /* SceneDelegate.swift */ = {isa = PBXFileReference; lastKnownFileType = sourcecode.swift; path = SceneDelegate.swift; sourceTree = "<group>"; };
		6E77059E2438C40A00C3BC66 /* Base */ = {isa = PBXFileReference; lastKnownFileType = file.storyboard; name = Base; path = Base.lproj/Main.storyboard; sourceTree = "<group>"; };
		6E7705A02438C40B00C3BC66 /* Assets.xcassets */ = {isa = PBXFileReference; lastKnownFileType = folder.assetcatalog; path = Assets.xcassets; sourceTree = "<group>"; };
		6E7705A32438C40B00C3BC66 /* Base */ = {isa = PBXFileReference; lastKnownFileType = file.storyboard; name = Base; path = Base.lproj/LaunchScreen.storyboard; sourceTree = "<group>"; };
		6E7705A52438C40B00C3BC66 /* Info.plist */ = {isa = PBXFileReference; lastKnownFileType = text.plist.xml; path = Info.plist; sourceTree = "<group>"; };
		6E7705AA2438C40B00C3BC66 /* BaluchonTests.xctest */ = {isa = PBXFileReference; explicitFileType = wrapper.cfbundle; includeInIndex = 0; path = BaluchonTests.xctest; sourceTree = BUILT_PRODUCTS_DIR; };
		6E7705AE2438C40B00C3BC66 /* CurrencyNetworkManagerTests.swift */ = {isa = PBXFileReference; lastKnownFileType = sourcecode.swift; path = CurrencyNetworkManagerTests.swift; sourceTree = "<group>"; };
		6E7705B02438C40B00C3BC66 /* Info.plist */ = {isa = PBXFileReference; lastKnownFileType = text.plist.xml; path = Info.plist; sourceTree = "<group>"; };
		6E7705CA2438C6B100C3BC66 /* Default-568h@2x.png */ = {isa = PBXFileReference; lastKnownFileType = image.png; path = "Default-568h@2x.png"; sourceTree = "<group>"; };
		6E7BDAEB24686AC000DFAEF5 /* CurrencyTableViewDataSource.swift */ = {isa = PBXFileReference; lastKnownFileType = sourcecode.swift; path = CurrencyTableViewDataSource.swift; sourceTree = "<group>"; };
		6E7BDAED24691D3B00DFAEF5 /* WeatherTableViewDelegate.swift */ = {isa = PBXFileReference; lastKnownFileType = sourcecode.swift; path = WeatherTableViewDelegate.swift; sourceTree = "<group>"; };
		6E7FD728246FDB25009E3F74 /* Wind.swift */ = {isa = PBXFileReference; fileEncoding = 4; lastKnownFileType = sourcecode.swift; path = Wind.swift; sourceTree = "<group>"; };
		6E870125244D819900EA810E /* Main.swift */ = {isa = PBXFileReference; lastKnownFileType = sourcecode.swift; path = Main.swift; sourceTree = "<group>"; };
		6E8C86E924BEE82700FE5A1D /* Temperature.swift */ = {isa = PBXFileReference; lastKnownFileType = sourcecode.swift; path = Temperature.swift; sourceTree = "<group>"; };
		6E8F0E7024485590005FB029 /* FakeCurrencyResponseData.swift */ = {isa = PBXFileReference; lastKnownFileType = sourcecode.swift; path = FakeCurrencyResponseData.swift; sourceTree = "<group>"; };
		6E8F0E7224487CAA005FB029 /* Currency.json */ = {isa = PBXFileReference; lastKnownFileType = text.json; path = Currency.json; sourceTree = "<group>"; };
		6E8F0E7424488165005FB029 /* NetworkManager.swift */ = {isa = PBXFileReference; lastKnownFileType = sourcecode.swift; path = NetworkManager.swift; sourceTree = "<group>"; };
		6E8F0E7624488A2A005FB029 /* URLSessionFake.swift */ = {isa = PBXFileReference; lastKnownFileType = sourcecode.swift; path = URLSessionFake.swift; sourceTree = "<group>"; };
		6E9A722B2443C86300BE910F /* WeatherResult.swift */ = {isa = PBXFileReference; lastKnownFileType = sourcecode.swift; path = WeatherResult.swift; sourceTree = "<group>"; };
		6E9A72312443CF6E00BE910F /* WeatherElement.swift */ = {isa = PBXFileReference; lastKnownFileType = sourcecode.swift; path = WeatherElement.swift; sourceTree = "<group>"; };
		6EA4B4D02451CBEE00FBB585 /* FakeWeatherResponseData.swift */ = {isa = PBXFileReference; lastKnownFileType = sourcecode.swift; path = FakeWeatherResponseData.swift; sourceTree = "<group>"; };
		6EA4B4D22451CBFF00FBB585 /* FakeTranslateResponseData.swift */ = {isa = PBXFileReference; lastKnownFileType = sourcecode.swift; path = FakeTranslateResponseData.swift; sourceTree = "<group>"; };
		6EA4B4DC2451CD4200FBB585 /* TranslationNetworkManagerTests.swift */ = {isa = PBXFileReference; lastKnownFileType = sourcecode.swift; path = TranslationNetworkManagerTests.swift; sourceTree = "<group>"; };
		6EA4B4DE2451CD6000FBB585 /* WeatherNetworkManagerTests.swift */ = {isa = PBXFileReference; lastKnownFileType = sourcecode.swift; path = WeatherNetworkManagerTests.swift; sourceTree = "<group>"; };
		6EE9928024D29E2E00C5E744 /* Languages.swift */ = {isa = PBXFileReference; lastKnownFileType = sourcecode.swift; path = Languages.swift; sourceTree = "<group>"; };
		6EE9928224D2A3F800C5E744 /* BaseViewController.swift */ = {isa = PBXFileReference; lastKnownFileType = sourcecode.swift; path = BaseViewController.swift; sourceTree = "<group>"; };
		6EF125C324C989BB0022C1EF /* String.swift */ = {isa = PBXFileReference; lastKnownFileType = sourcecode.swift; path = String.swift; sourceTree = "<group>"; };
		6EF564DC2443E62C00B9BB9A /* TranslationResult.swift */ = {isa = PBXFileReference; lastKnownFileType = sourcecode.swift; path = TranslationResult.swift; sourceTree = "<group>"; };
/* End PBXFileReference section */

/* Begin PBXFrameworksBuildPhase section */
		6E7705912438C40A00C3BC66 /* Frameworks */ = {
			isa = PBXFrameworksBuildPhase;
			buildActionMask = 2147483647;
			files = (
			);
			runOnlyForDeploymentPostprocessing = 0;
		};
		6E7705A72438C40B00C3BC66 /* Frameworks */ = {
			isa = PBXFrameworksBuildPhase;
			buildActionMask = 2147483647;
			files = (
			);
			runOnlyForDeploymentPostprocessing = 0;
		};
/* End PBXFrameworksBuildPhase section */

/* Begin PBXGroup section */
		6E4A2219244615FD007AC6C3 /* Currency */ = {
			isa = PBXGroup;
			children = (
				6E7BDAEB24686AC000DFAEF5 /* CurrencyTableViewDataSource.swift */,
				6E335AC2243B741A00CD22B4 /* CurrencyViewController.swift */,
				6E4A220F2445AA07007AC6C3 /* CurrencyCell.swift */,
				6E4CE56E24C42409002515D9 /* CurrencyTextFieldDelegate.swift */,
			);
			path = Currency;
			sourceTree = "<group>";
		};
		6E4A221A24461609007AC6C3 /* Translate */ = {
			isa = PBXGroup;
			children = (
				6E335AC4243B77BC00CD22B4 /* TranslateViewController.swift */,
				6E500B7824705D82009F188E /* TranslateTextViewDelegate.swift */,
				6E623319244C3C2A008B18E1 /* TranslatedTextViewController.swift */,
			);
			path = Translate;
			sourceTree = "<group>";
		};
		6E4A221B24461615007AC6C3 /* Weather */ = {
			isa = PBXGroup;
			children = (
				6E7BDAED24691D3B00DFAEF5 /* WeatherTableViewDelegate.swift */,
				6E0219832448E3BE007C4CBB /* WeatherCell.swift */,
				6E335AC6243B77C800CD22B4 /* WeatherViewController.swift */,
			);
			path = Weather;
			sourceTree = "<group>";
		};
		6E4A22202446168A007AC6C3 /* NetworkManagers */ = {
			isa = PBXGroup;
			children = (
				6E8F0E7424488165005FB029 /* NetworkManager.swift */,
				6E4A22112445ABC0007AC6C3 /* URLComponentManager.swift */,
				6E62331B244C49D3008B18E1 /* URLGeneratorForCurrency.swift */,
				6E2C9861244F31E1009BEBBD /* URLGeneratorForTranslate.swift */,
				6E2C9863244F3B58009BEBBD /* URLGeneratorForWeather.swift */,
				6E4A21F324445325007AC6C3 /* CurrencyNetworkManager.swift */,
				6E02197C2448A1BD007C4CBB /* TranslationNetworkManager.swift */,
				6E4A22132445AEA0007AC6C3 /* WeatherNetworkManager.swift */,
			);
			path = NetworkManagers;
			sourceTree = "<group>";
		};
		6E6EED1C24E29FD300AF0EAC /* Delegates */ = {
			isa = PBXGroup;
			children = (
				6E6EED1824E29EF400AF0EAC /* CurrencyResultContainer.swift */,
				6E6EED2024E2C41100AF0EAC /* WeatherResultContainer.swift */,
			);
			path = Delegates;
			sourceTree = "<group>";
		};
		6E77058B2438C40A00C3BC66 = {
			isa = PBXGroup;
			children = (
				6E7705CC2438C6E300C3BC66 /* Model */,
				6E7705C92438C68000C3BC66 /* ViewController */,
				6E7705C72438C66600C3BC66 /* View */,
				6E7705C82438C67400C3BC66 /* Supporting Files */,
				6E7705AD2438C40B00C3BC66 /* BaluchonTests */,
				6E7705952438C40A00C3BC66 /* Products */,
			);
			sourceTree = "<group>";
		};
		6E7705952438C40A00C3BC66 /* Products */ = {
			isa = PBXGroup;
			children = (
				6E7705942438C40A00C3BC66 /* Baluchon.app */,
				6E7705AA2438C40B00C3BC66 /* BaluchonTests.xctest */,
			);
			name = Products;
			sourceTree = "<group>";
		};
		6E7705AD2438C40B00C3BC66 /* BaluchonTests */ = {
			isa = PBXGroup;
			children = (
				6E7705AE2438C40B00C3BC66 /* CurrencyNetworkManagerTests.swift */,
				6EA4B4DC2451CD4200FBB585 /* TranslationNetworkManagerTests.swift */,
				6EA4B4DE2451CD6000FBB585 /* WeatherNetworkManagerTests.swift */,
				6E8F0E7624488A2A005FB029 /* URLSessionFake.swift */,
				6E8F0E7224487CAA005FB029 /* Currency.json */,
				6E21886D24547EFD00E31372 /* Translation.json */,
				6E21886F24547F1F00E31372 /* Weather.json */,
				6E8F0E7024485590005FB029 /* FakeCurrencyResponseData.swift */,
				6EA4B4D22451CBFF00FBB585 /* FakeTranslateResponseData.swift */,
				6EA4B4D02451CBEE00FBB585 /* FakeWeatherResponseData.swift */,
				6E6EED1624E2757A00AF0EAC /* response.png */,
				6E7705B02438C40B00C3BC66 /* Info.plist */,
			);
			path = BaluchonTests;
			sourceTree = "<group>";
		};
		6E7705C72438C66600C3BC66 /* View */ = {
			isa = PBXGroup;
			children = (
				6E77059D2438C40A00C3BC66 /* Main.storyboard */,
				6E7705A22438C40B00C3BC66 /* LaunchScreen.storyboard */,
			);
			path = View;
			sourceTree = "<group>";
		};
		6E7705C82438C67400C3BC66 /* Supporting Files */ = {
			isa = PBXGroup;
			children = (
				6E7705972438C40A00C3BC66 /* AppDelegate.swift */,
				6E7705992438C40A00C3BC66 /* SceneDelegate.swift */,
				6E7705CA2438C6B100C3BC66 /* Default-568h@2x.png */,
				6E7705A52438C40B00C3BC66 /* Info.plist */,
				6E7705A02438C40B00C3BC66 /* Assets.xcassets */,
			);
			path = "Supporting Files";
			sourceTree = "<group>";
		};
		6E7705C92438C68000C3BC66 /* ViewController */ = {
			isa = PBXGroup;
			children = (
				6EE9928424D2A6B500C5E744 /* Base Functionalities */,
				6E4A2219244615FD007AC6C3 /* Currency */,
				6E4A221A24461609007AC6C3 /* Translate */,
				6E4A221B24461615007AC6C3 /* Weather */,
			);
			path = ViewController;
			sourceTree = "<group>";
		};
		6E7705CC2438C6E300C3BC66 /* Model */ = {
			isa = PBXGroup;
			children = (
				6E87012D244EC72600EA810E /* Errors */,
				6E87012C244EC71700EA810E /* DataModel */,
				6E87012B244EC6B800EA810E /* Services */,
				6EF125C224C989A40022C1EF /* Enum & Extension */,
			);
			path = Model;
			sourceTree = "<group>";
		};
		6E87012B244EC6B800EA810E /* Services */ = {
			isa = PBXGroup;
			children = (
				6E87012E244EC85D00EA810E /* Protocol */,
				6E4A22202446168A007AC6C3 /* NetworkManagers */,
			);
			path = Services;
			sourceTree = "<group>";
		};
		6E87012C244EC71700EA810E /* DataModel */ = {
			isa = PBXGroup;
			children = (
				6E9A722D2443CEEF00BE910F /* Currency */,
				6E9A72372443E52000BE910F /* Translate */,
				6E9A722E2443CEFA00BE910F /* Weather */,
			);
			path = DataModel;
			sourceTree = "<group>";
		};
		6E87012D244EC72600EA810E /* Errors */ = {
			isa = PBXGroup;
			children = (
				6E4A22172445F77F007AC6C3 /* NetworkManagerError.swift */,
			);
			path = Errors;
			sourceTree = "<group>";
		};
		6E87012E244EC85D00EA810E /* Protocol */ = {
			isa = PBXGroup;
			children = (
				6E4A21F524445376007AC6C3 /* CurrrenyDelegate.swift */,
				6E02197E2448A1FF007C4CBB /* TranslateDelegate.swift */,
				6E4A22152445AEAC007AC6C3 /* WeatherDelegate.swift */,
				6E6EED1A24E29FC900AF0EAC /* CurrencyResultContainerDelegate.swift */,
				6E6EED1E24E2C3E100AF0EAC /* WeatherResultContainerDelegate.swift */,
				6E6EED1C24E29FD300AF0EAC /* Delegates */,
			);
			path = Protocol;
			sourceTree = "<group>";
		};
		6E9A722D2443CEEF00BE910F /* Currency */ = {
			isa = PBXGroup;
			children = (
				6E335ACA243B80FE00CD22B4 /* CurrencyResult.swift */,
			);
			path = Currency;
			sourceTree = "<group>";
		};
		6E9A722E2443CEFA00BE910F /* Weather */ = {
			isa = PBXGroup;
			children = (
				6E9A722B2443C86300BE910F /* WeatherResult.swift */,
				6E6604E2246EC17F000BA21B /* Sys.swift */,
				6E6604DE246EC092000BA21B /* Coord.swift */,
				6E6604E0246EC127000BA21B /* Clouds.swift */,
				6E870125244D819900EA810E /* Main.swift */,
				6E9A72312443CF6E00BE910F /* WeatherElement.swift */,
				6E7FD728246FDB25009E3F74 /* Wind.swift */,
				6E8C86E924BEE82700FE5A1D /* Temperature.swift */,
			);
			path = Weather;
			sourceTree = "<group>";
		};
		6E9A72372443E52000BE910F /* Translate */ = {
			isa = PBXGroup;
			children = (
				6EF564DC2443E62C00B9BB9A /* TranslationResult.swift */,
			);
			path = Translate;
			sourceTree = "<group>";
		};
		6EE9928424D2A6B500C5E744 /* Base Functionalities */ = {
			isa = PBXGroup;
			children = (
				6EE9928224D2A3F800C5E744 /* BaseViewController.swift */,
			);
			path = "Base Functionalities";
			sourceTree = "<group>";
		};
		6EF125C224C989A40022C1EF /* Enum & Extension */ = {
			isa = PBXGroup;
			children = (
				6E0CAD70248511BE001655B1 /* HTTPMethod.swift */,
				6EF125C324C989BB0022C1EF /* String.swift */,
				6EE9928024D29E2E00C5E744 /* Languages.swift */,
			);
			path = "Enum & Extension";
			sourceTree = "<group>";
		};
/* End PBXGroup section */

/* Begin PBXNativeTarget section */
		6E7705932438C40A00C3BC66 /* Baluchon */ = {
			isa = PBXNativeTarget;
			buildConfigurationList = 6E7705BE2438C40B00C3BC66 /* Build configuration list for PBXNativeTarget "Baluchon" */;
			buildPhases = (
				6E7705902438C40A00C3BC66 /* Sources */,
				6E7705912438C40A00C3BC66 /* Frameworks */,
				6E7705922438C40A00C3BC66 /* Resources */,
				6EE9309B243F5CC000C761AC /* ShellScript */,
			);
			buildRules = (
			);
			dependencies = (
			);
			name = Baluchon;
			productName = Baluchon;
			productReference = 6E7705942438C40A00C3BC66 /* Baluchon.app */;
			productType = "com.apple.product-type.application";
		};
		6E7705A92438C40B00C3BC66 /* BaluchonTests */ = {
			isa = PBXNativeTarget;
			buildConfigurationList = 6E7705C12438C40B00C3BC66 /* Build configuration list for PBXNativeTarget "BaluchonTests" */;
			buildPhases = (
				6E7705A62438C40B00C3BC66 /* Sources */,
				6E7705A72438C40B00C3BC66 /* Frameworks */,
				6E7705A82438C40B00C3BC66 /* Resources */,
			);
			buildRules = (
			);
			dependencies = (
				6E7705AC2438C40B00C3BC66 /* PBXTargetDependency */,
			);
			name = BaluchonTests;
			productName = BaluchonTests;
			productReference = 6E7705AA2438C40B00C3BC66 /* BaluchonTests.xctest */;
			productType = "com.apple.product-type.bundle.unit-test";
		};
/* End PBXNativeTarget section */

/* Begin PBXProject section */
		6E77058C2438C40A00C3BC66 /* Project object */ = {
			isa = PBXProject;
			attributes = {
				LastSwiftUpdateCheck = 1140;
				LastUpgradeCheck = 1140;
				ORGANIZATIONNAME = vinceled;
				TargetAttributes = {
					6E7705932438C40A00C3BC66 = {
						CreatedOnToolsVersion = 11.4;
					};
					6E7705A92438C40B00C3BC66 = {
						CreatedOnToolsVersion = 11.4;
						TestTargetID = 6E7705932438C40A00C3BC66;
					};
				};
			};
			buildConfigurationList = 6E77058F2438C40A00C3BC66 /* Build configuration list for PBXProject "Baluchon" */;
			compatibilityVersion = "Xcode 9.3";
			developmentRegion = en;
			hasScannedForEncodings = 0;
			knownRegions = (
				en,
				Base,
			);
			mainGroup = 6E77058B2438C40A00C3BC66;
			productRefGroup = 6E7705952438C40A00C3BC66 /* Products */;
			projectDirPath = "";
			projectRoot = "";
			targets = (
				6E7705932438C40A00C3BC66 /* Baluchon */,
				6E7705A92438C40B00C3BC66 /* BaluchonTests */,
			);
		};
/* End PBXProject section */

/* Begin PBXResourcesBuildPhase section */
		6E7705922438C40A00C3BC66 /* Resources */ = {
			isa = PBXResourcesBuildPhase;
			buildActionMask = 2147483647;
			files = (
				6E7705A42438C40B00C3BC66 /* LaunchScreen.storyboard in Resources */,
				6E7705CB2438C6B100C3BC66 /* Default-568h@2x.png in Resources */,
				6E7705A12438C40B00C3BC66 /* Assets.xcassets in Resources */,
				6E77059F2438C40A00C3BC66 /* Main.storyboard in Resources */,
			);
			runOnlyForDeploymentPostprocessing = 0;
		};
		6E7705A82438C40B00C3BC66 /* Resources */ = {
			isa = PBXResourcesBuildPhase;
			buildActionMask = 2147483647;
			files = (
				6E8F0E7324487CAA005FB029 /* Currency.json in Resources */,
				6E21887024547F1F00E31372 /* Weather.json in Resources */,
				6E6EED1724E2757A00AF0EAC /* response.png in Resources */,
				6E21886E24547EFD00E31372 /* Translation.json in Resources */,
			);
			runOnlyForDeploymentPostprocessing = 0;
		};
/* End PBXResourcesBuildPhase section */

/* Begin PBXShellScriptBuildPhase section */
		6EE9309B243F5CC000C761AC /* ShellScript */ = {
			isa = PBXShellScriptBuildPhase;
			buildActionMask = 2147483647;
			files = (
			);
			inputFileListPaths = (
			);
			inputPaths = (
			);
			outputFileListPaths = (
			);
			outputPaths = (
			);
			runOnlyForDeploymentPostprocessing = 0;
			shellPath = /bin/sh;
			shellScript = "# Type a script or drag a script file from your workspace to insert its path.\nif which swiftlint >/dev/null; then\n  swiftlint\nelse\n  echo \"warning: SwiftLint not installed, download from https://github.com/realm/SwiftLint\"\nfi\n";
		};
/* End PBXShellScriptBuildPhase section */

/* Begin PBXSourcesBuildPhase section */
		6E7705902438C40A00C3BC66 /* Sources */ = {
			isa = PBXSourcesBuildPhase;
			buildActionMask = 2147483647;
			files = (
				6EF125C424C989BB0022C1EF /* String.swift in Sources */,
				6E6EED2324E2C63F00AF0EAC /* WeatherResultContainer.swift in Sources */,
				6E62331C244C49D3008B18E1 /* URLGeneratorForCurrency.swift in Sources */,
				6E0219862449C9FF007C4CBB /* NetworkManager.swift in Sources */,
				6E8C86EA24BEE82700FE5A1D /* Temperature.swift in Sources */,
				6E4A22102445AA07007AC6C3 /* CurrencyCell.swift in Sources */,
				6EE9928324D2A3F800C5E744 /* BaseViewController.swift in Sources */,
				6E2C9864244F3B58009BEBBD /* URLGeneratorForWeather.swift in Sources */,
				6E4A22182445F77F007AC6C3 /* NetworkManagerError.swift in Sources */,
				6E6604E3246EC17F000BA21B /* Sys.swift in Sources */,
				6E870126244D819900EA810E /* Main.swift in Sources */,
				6E9A722C2443C86300BE910F /* WeatherResult.swift in Sources */,
				6E7BDAEC24686AC000DFAEF5 /* CurrencyTableViewDataSource.swift in Sources */,
				6E9A72322443CF6E00BE910F /* WeatherElement.swift in Sources */,
				6E7705982438C40A00C3BC66 /* AppDelegate.swift in Sources */,
				6E6EED2424E2D55100AF0EAC /* CurrencyResultContainer.swift in Sources */,
				6E2C9862244F31E1009BEBBD /* URLGeneratorForTranslate.swift in Sources */,
				6E4CE56F24C42409002515D9 /* CurrencyTextFieldDelegate.swift in Sources */,
				6E6604E1246EC127000BA21B /* Clouds.swift in Sources */,
				6E4A22122445ABC0007AC6C3 /* URLComponentManager.swift in Sources */,
				6E02197D2448A1BD007C4CBB /* TranslationNetworkManager.swift in Sources */,
				6E02197F2448A1FF007C4CBB /* TranslateDelegate.swift in Sources */,
				6E4A22162445AEAC007AC6C3 /* WeatherDelegate.swift in Sources */,
				6E335AC7243B77C800CD22B4 /* WeatherViewController.swift in Sources */,
				6E4A22142445AEA0007AC6C3 /* WeatherNetworkManager.swift in Sources */,
				6EE9928124D29E2E00C5E744 /* Languages.swift in Sources */,
				6E62331A244C3C2A008B18E1 /* TranslatedTextViewController.swift in Sources */,
				6E4A21F424445325007AC6C3 /* CurrencyNetworkManager.swift in Sources */,
				6E335AC5243B77BC00CD22B4 /* TranslateViewController.swift in Sources */,
				6E0219842448E3BE007C4CBB /* WeatherCell.swift in Sources */,
				6E6EED2224E2C63000AF0EAC /* WeatherResultContainerDelegate.swift in Sources */,
				6E6604DF246EC092000BA21B /* Coord.swift in Sources */,
				6EF564DD2443E62C00B9BB9A /* TranslationResult.swift in Sources */,
				6E4A21F624445376007AC6C3 /* CurrrenyDelegate.swift in Sources */,
				6E500B7924705D82009F188E /* TranslateTextViewDelegate.swift in Sources */,
				6E7FD729246FDB25009E3F74 /* Wind.swift in Sources */,
				6E335AC3243B741A00CD22B4 /* CurrencyViewController.swift in Sources */,
				6E0CAD71248511BE001655B1 /* HTTPMethod.swift in Sources */,
				6E7BDAEE24691D3B00DFAEF5 /* WeatherTableViewDelegate.swift in Sources */,
				6E335ACB243B80FE00CD22B4 /* CurrencyResult.swift in Sources */,
				6E77059A2438C40A00C3BC66 /* SceneDelegate.swift in Sources */,
				6E6EED1D24E29FED00AF0EAC /* CurrencyResultContainerDelegate.swift in Sources */,
			);
			runOnlyForDeploymentPostprocessing = 0;
		};
		6E7705A62438C40B00C3BC66 /* Sources */ = {
			isa = PBXSourcesBuildPhase;
			buildActionMask = 2147483647;
			files = (
				6E6EED3624E2D6A100AF0EAC /* URLGeneratorForCurrency.swift in Sources */,
				6E6EED2A24E2D67500AF0EAC /* TranslationResult.swift in Sources */,
				6E6EED2E24E2D68400AF0EAC /* WeatherElement.swift in Sources */,
				6E6EED2F24E2D68600AF0EAC /* Wind.swift in Sources */,
				6EA4B4D12451CBEE00FBB585 /* FakeWeatherResponseData.swift in Sources */,
				6E6EED2924E2D67000AF0EAC /* NetworkManagerError.swift in Sources */,
				6E6EED1F24E2C3E100AF0EAC /* WeatherResultContainerDelegate.swift in Sources */,
				6E6EED3024E2D68900AF0EAC /* Temperature.swift in Sources */,
				6E8F0E7724488A2A005FB029 /* URLSessionFake.swift in Sources */,
				6E6EED3B24E2D6DE00AF0EAC /* WeatherNetworkManager.swift in Sources */,
				6EA4B4D32451CBFF00FBB585 /* FakeTranslateResponseData.swift in Sources */,
				6E6EED2724E2D65A00AF0EAC /* CurrencyResult.swift in Sources */,
				6E6EED3C24E2D6E100AF0EAC /* HTTPMethod.swift in Sources */,
				6E6EED3124E2D68E00AF0EAC /* CurrrenyDelegate.swift in Sources */,
				6E6EED2B24E2D67900AF0EAC /* Sys.swift in Sources */,
				6E7705AF2438C40B00C3BC66 /* CurrencyNetworkManagerTests.swift in Sources */,
				6E6EED3A24E2D6DB00AF0EAC /* TranslationNetworkManager.swift in Sources */,
				6E6EED3E24E2D6E700AF0EAC /* Languages.swift in Sources */,
				6EA4B4DF2451CD6000FBB585 /* WeatherNetworkManagerTests.swift in Sources */,
				6E6EED2824E2D66800AF0EAC /* Coord.swift in Sources */,
				6E6EED1924E29EF400AF0EAC /* CurrencyResultContainer.swift in Sources */,
				6E6EED3424E2D69D00AF0EAC /* NetworkManager.swift in Sources */,
				6E6EED2D24E2D68200AF0EAC /* Main.swift in Sources */,
				6E6EED2124E2C41100AF0EAC /* WeatherResultContainer.swift in Sources */,
				6E6EED3924E2D6D900AF0EAC /* CurrencyNetworkManager.swift in Sources */,
				6E6EED2624E2D65100AF0EAC /* CurrencyResultContainerDelegate.swift in Sources */,
				6E6EED3224E2D69000AF0EAC /* TranslateDelegate.swift in Sources */,
				6E6EED2524E2D56700AF0EAC /* WeatherResult.swift in Sources */,
				6E6EED3324E2D69300AF0EAC /* WeatherDelegate.swift in Sources */,
				6E6EED3824E2D6D500AF0EAC /* URLGeneratorForWeather.swift in Sources */,
				6E6EED3724E2D6A400AF0EAC /* URLGeneratorForTranslate.swift in Sources */,
				6E6EED2C24E2D67F00AF0EAC /* Clouds.swift in Sources */,
				6E01662C2449F9E900E7AC2C /* FakeCurrencyResponseData.swift in Sources */,
				6E6EED3D24E2D6E400AF0EAC /* String.swift in Sources */,
				6E6EED3524E2D69F00AF0EAC /* URLComponentManager.swift in Sources */,
				6EA4B4DD2451CD4200FBB585 /* TranslationNetworkManagerTests.swift in Sources */,
			);
			runOnlyForDeploymentPostprocessing = 0;
		};
/* End PBXSourcesBuildPhase section */

/* Begin PBXTargetDependency section */
		6E7705AC2438C40B00C3BC66 /* PBXTargetDependency */ = {
			isa = PBXTargetDependency;
			target = 6E7705932438C40A00C3BC66 /* Baluchon */;
			targetProxy = 6E7705AB2438C40B00C3BC66 /* PBXContainerItemProxy */;
		};
/* End PBXTargetDependency section */

/* Begin PBXVariantGroup section */
		6E77059D2438C40A00C3BC66 /* Main.storyboard */ = {
			isa = PBXVariantGroup;
			children = (
				6E77059E2438C40A00C3BC66 /* Base */,
			);
			name = Main.storyboard;
			sourceTree = "<group>";
		};
		6E7705A22438C40B00C3BC66 /* LaunchScreen.storyboard */ = {
			isa = PBXVariantGroup;
			children = (
				6E7705A32438C40B00C3BC66 /* Base */,
			);
			name = LaunchScreen.storyboard;
			sourceTree = "<group>";
		};
/* End PBXVariantGroup section */

/* Begin XCBuildConfiguration section */
		6E7705BC2438C40B00C3BC66 /* Debug */ = {
			isa = XCBuildConfiguration;
			buildSettings = {
				ALWAYS_SEARCH_USER_PATHS = NO;
				CLANG_ANALYZER_NONNULL = YES;
				CLANG_ANALYZER_NUMBER_OBJECT_CONVERSION = YES_AGGRESSIVE;
				CLANG_CXX_LANGUAGE_STANDARD = "gnu++14";
				CLANG_CXX_LIBRARY = "libc++";
				CLANG_ENABLE_MODULES = YES;
				CLANG_ENABLE_OBJC_ARC = YES;
				CLANG_ENABLE_OBJC_WEAK = YES;
				CLANG_WARN_BLOCK_CAPTURE_AUTORELEASING = YES;
				CLANG_WARN_BOOL_CONVERSION = YES;
				CLANG_WARN_COMMA = YES;
				CLANG_WARN_CONSTANT_CONVERSION = YES;
				CLANG_WARN_DEPRECATED_OBJC_IMPLEMENTATIONS = YES;
				CLANG_WARN_DIRECT_OBJC_ISA_USAGE = YES_ERROR;
				CLANG_WARN_DOCUMENTATION_COMMENTS = YES;
				CLANG_WARN_EMPTY_BODY = YES;
				CLANG_WARN_ENUM_CONVERSION = YES;
				CLANG_WARN_INFINITE_RECURSION = YES;
				CLANG_WARN_INT_CONVERSION = YES;
				CLANG_WARN_NON_LITERAL_NULL_CONVERSION = YES;
				CLANG_WARN_OBJC_IMPLICIT_RETAIN_SELF = YES;
				CLANG_WARN_OBJC_LITERAL_CONVERSION = YES;
				CLANG_WARN_OBJC_ROOT_CLASS = YES_ERROR;
				CLANG_WARN_RANGE_LOOP_ANALYSIS = YES;
				CLANG_WARN_STRICT_PROTOTYPES = YES;
				CLANG_WARN_SUSPICIOUS_MOVE = YES;
				CLANG_WARN_UNGUARDED_AVAILABILITY = YES_AGGRESSIVE;
				CLANG_WARN_UNREACHABLE_CODE = YES;
				CLANG_WARN__DUPLICATE_METHOD_MATCH = YES;
				COPY_PHASE_STRIP = NO;
				DEBUG_INFORMATION_FORMAT = dwarf;
				ENABLE_STRICT_OBJC_MSGSEND = YES;
				ENABLE_TESTABILITY = YES;
				GCC_C_LANGUAGE_STANDARD = gnu11;
				GCC_DYNAMIC_NO_PIC = NO;
				GCC_NO_COMMON_BLOCKS = YES;
				GCC_OPTIMIZATION_LEVEL = 0;
				GCC_PREPROCESSOR_DEFINITIONS = (
					"DEBUG=1",
					"$(inherited)",
				);
				GCC_WARN_64_TO_32_BIT_CONVERSION = YES;
				GCC_WARN_ABOUT_RETURN_TYPE = YES_ERROR;
				GCC_WARN_UNDECLARED_SELECTOR = YES;
				GCC_WARN_UNINITIALIZED_AUTOS = YES_AGGRESSIVE;
				GCC_WARN_UNUSED_FUNCTION = YES;
				GCC_WARN_UNUSED_VARIABLE = YES;
				IPHONEOS_DEPLOYMENT_TARGET = 11.0;
				MTL_ENABLE_DEBUG_INFO = INCLUDE_SOURCE;
				MTL_FAST_MATH = YES;
				ONLY_ACTIVE_ARCH = YES;
				SDKROOT = iphoneos;
				SWIFT_ACTIVE_COMPILATION_CONDITIONS = DEBUG;
				SWIFT_OPTIMIZATION_LEVEL = "-Onone";
			};
			name = Debug;
		};
		6E7705BD2438C40B00C3BC66 /* Release */ = {
			isa = XCBuildConfiguration;
			buildSettings = {
				ALWAYS_SEARCH_USER_PATHS = NO;
				CLANG_ANALYZER_NONNULL = YES;
				CLANG_ANALYZER_NUMBER_OBJECT_CONVERSION = YES_AGGRESSIVE;
				CLANG_CXX_LANGUAGE_STANDARD = "gnu++14";
				CLANG_CXX_LIBRARY = "libc++";
				CLANG_ENABLE_MODULES = YES;
				CLANG_ENABLE_OBJC_ARC = YES;
				CLANG_ENABLE_OBJC_WEAK = YES;
				CLANG_WARN_BLOCK_CAPTURE_AUTORELEASING = YES;
				CLANG_WARN_BOOL_CONVERSION = YES;
				CLANG_WARN_COMMA = YES;
				CLANG_WARN_CONSTANT_CONVERSION = YES;
				CLANG_WARN_DEPRECATED_OBJC_IMPLEMENTATIONS = YES;
				CLANG_WARN_DIRECT_OBJC_ISA_USAGE = YES_ERROR;
				CLANG_WARN_DOCUMENTATION_COMMENTS = YES;
				CLANG_WARN_EMPTY_BODY = YES;
				CLANG_WARN_ENUM_CONVERSION = YES;
				CLANG_WARN_INFINITE_RECURSION = YES;
				CLANG_WARN_INT_CONVERSION = YES;
				CLANG_WARN_NON_LITERAL_NULL_CONVERSION = YES;
				CLANG_WARN_OBJC_IMPLICIT_RETAIN_SELF = YES;
				CLANG_WARN_OBJC_LITERAL_CONVERSION = YES;
				CLANG_WARN_OBJC_ROOT_CLASS = YES_ERROR;
				CLANG_WARN_RANGE_LOOP_ANALYSIS = YES;
				CLANG_WARN_STRICT_PROTOTYPES = YES;
				CLANG_WARN_SUSPICIOUS_MOVE = YES;
				CLANG_WARN_UNGUARDED_AVAILABILITY = YES_AGGRESSIVE;
				CLANG_WARN_UNREACHABLE_CODE = YES;
				CLANG_WARN__DUPLICATE_METHOD_MATCH = YES;
				COPY_PHASE_STRIP = NO;
				DEBUG_INFORMATION_FORMAT = "dwarf-with-dsym";
				ENABLE_NS_ASSERTIONS = NO;
				ENABLE_STRICT_OBJC_MSGSEND = YES;
				GCC_C_LANGUAGE_STANDARD = gnu11;
				GCC_NO_COMMON_BLOCKS = YES;
				GCC_WARN_64_TO_32_BIT_CONVERSION = YES;
				GCC_WARN_ABOUT_RETURN_TYPE = YES_ERROR;
				GCC_WARN_UNDECLARED_SELECTOR = YES;
				GCC_WARN_UNINITIALIZED_AUTOS = YES_AGGRESSIVE;
				GCC_WARN_UNUSED_FUNCTION = YES;
				GCC_WARN_UNUSED_VARIABLE = YES;
				IPHONEOS_DEPLOYMENT_TARGET = 11.0;
				MTL_ENABLE_DEBUG_INFO = NO;
				MTL_FAST_MATH = YES;
				SDKROOT = iphoneos;
				SWIFT_COMPILATION_MODE = wholemodule;
				SWIFT_OPTIMIZATION_LEVEL = "-O";
				VALIDATE_PRODUCT = YES;
			};
			name = Release;
		};
		6E7705BF2438C40B00C3BC66 /* Debug */ = {
			isa = XCBuildConfiguration;
			buildSettings = {
				ASSETCATALOG_COMPILER_APPICON_NAME = AppIcon;
				CODE_SIGN_STYLE = Automatic;
				DEVELOPMENT_TEAM = L6369QJ9JH;
				INFOPLIST_FILE = "Supporting Files/Info.plist";
				IPHONEOS_DEPLOYMENT_TARGET = 11.0;
				LD_RUNPATH_SEARCH_PATHS = (
					"$(inherited)",
					"@executable_path/Frameworks",
				);
				PRODUCT_BUNDLE_IDENTIFIER = com.vinceled.Baluchon;
				PRODUCT_NAME = "$(TARGET_NAME)";
				SWIFT_VERSION = 5.0;
				TARGETED_DEVICE_FAMILY = 1;
			};
			name = Debug;
		};
		6E7705C02438C40B00C3BC66 /* Release */ = {
			isa = XCBuildConfiguration;
			buildSettings = {
				ASSETCATALOG_COMPILER_APPICON_NAME = AppIcon;
				CODE_SIGN_STYLE = Automatic;
				DEVELOPMENT_TEAM = L6369QJ9JH;
				INFOPLIST_FILE = "Supporting Files/Info.plist";
				IPHONEOS_DEPLOYMENT_TARGET = 11.0;
				LD_RUNPATH_SEARCH_PATHS = (
					"$(inherited)",
					"@executable_path/Frameworks",
				);
				PRODUCT_BUNDLE_IDENTIFIER = com.vinceled.Baluchon;
				PRODUCT_NAME = "$(TARGET_NAME)";
				SWIFT_VERSION = 5.0;
				TARGETED_DEVICE_FAMILY = 1;
			};
			name = Release;
		};
		6E7705C22438C40B00C3BC66 /* Debug */ = {
			isa = XCBuildConfiguration;
			buildSettings = {
				ALWAYS_EMBED_SWIFT_STANDARD_LIBRARIES = YES;
				BUNDLE_LOADER = "$(TEST_HOST)";
				CODE_SIGN_STYLE = Automatic;
				DEVELOPMENT_TEAM = L6369QJ9JH;
				INFOPLIST_FILE = BaluchonTests/Info.plist;
				IPHONEOS_DEPLOYMENT_TARGET = 13.4;
				LD_RUNPATH_SEARCH_PATHS = (
					"$(inherited)",
					"@executable_path/Frameworks",
					"@loader_path/Frameworks",
				);
				PRODUCT_BUNDLE_IDENTIFIER = com.vinceled.BaluchonTests;
				PRODUCT_NAME = "$(TARGET_NAME)";
				SWIFT_VERSION = 5.0;
				TARGETED_DEVICE_FAMILY = "1,2";
				TEST_HOST = "$(BUILT_PRODUCTS_DIR)/Baluchon.app/Baluchon";
			};
			name = Debug;
		};
		6E7705C32438C40B00C3BC66 /* Release */ = {
			isa = XCBuildConfiguration;
			buildSettings = {
				ALWAYS_EMBED_SWIFT_STANDARD_LIBRARIES = YES;
				BUNDLE_LOADER = "$(TEST_HOST)";
				CODE_SIGN_STYLE = Automatic;
				DEVELOPMENT_TEAM = L6369QJ9JH;
				INFOPLIST_FILE = BaluchonTests/Info.plist;
				IPHONEOS_DEPLOYMENT_TARGET = 13.4;
				LD_RUNPATH_SEARCH_PATHS = (
					"$(inherited)",
					"@executable_path/Frameworks",
					"@loader_path/Frameworks",
				);
				PRODUCT_BUNDLE_IDENTIFIER = com.vinceled.BaluchonTests;
				PRODUCT_NAME = "$(TARGET_NAME)";
				SWIFT_VERSION = 5.0;
				TARGETED_DEVICE_FAMILY = "1,2";
				TEST_HOST = "$(BUILT_PRODUCTS_DIR)/Baluchon.app/Baluchon";
			};
			name = Release;
		};
/* End XCBuildConfiguration section */

/* Begin XCConfigurationList section */
		6E77058F2438C40A00C3BC66 /* Build configuration list for PBXProject "Baluchon" */ = {
			isa = XCConfigurationList;
			buildConfigurations = (
				6E7705BC2438C40B00C3BC66 /* Debug */,
				6E7705BD2438C40B00C3BC66 /* Release */,
			);
			defaultConfigurationIsVisible = 0;
			defaultConfigurationName = Release;
		};
		6E7705BE2438C40B00C3BC66 /* Build configuration list for PBXNativeTarget "Baluchon" */ = {
			isa = XCConfigurationList;
			buildConfigurations = (
				6E7705BF2438C40B00C3BC66 /* Debug */,
				6E7705C02438C40B00C3BC66 /* Release */,
			);
			defaultConfigurationIsVisible = 0;
			defaultConfigurationName = Release;
		};
		6E7705C12438C40B00C3BC66 /* Build configuration list for PBXNativeTarget "BaluchonTests" */ = {
			isa = XCConfigurationList;
			buildConfigurations = (
				6E7705C22438C40B00C3BC66 /* Debug */,
				6E7705C32438C40B00C3BC66 /* Release */,
			);
			defaultConfigurationIsVisible = 0;
			defaultConfigurationName = Release;
		};
/* End XCConfigurationList section */
	};
	rootObject = 6E77058C2438C40A00C3BC66 /* Project object */;
}
